{
  "version": 4,
  "terraform_version": "1.2.4",
  "serial": 36,
  "lineage": "c50360c2-dbbb-63f0-5bbc-ed2a00d9643e",
  "outputs": {},
  "resources": [
    {
      "mode": "data",
      "type": "azurerm_client_config",
      "name": "current",
      "provider": "provider[\"registry.terraform.io/hashicorp/azurerm\"]",
      "instances": [
        {
          "schema_version": 0,
          "attributes": {
            "client_id": "04b07795-8ddb-461a-bbee-02f9e1bf7b46",
            "id": "Y2xpZW50Q29uZmlncy9jbGllbnRJZD0wNGIwNzc5NS04ZGRiLTQ2MWEtYmJlZS0wMmY5ZTFiZjdiNDY7b2JqZWN0SWQ9MmE1NWNmZTktODY2MC00MGM0LThiNjktNmEwOGNlZGZlNmI4O3N1YnNjcmlwdGlvbklkPTI3OWI0MTljLTVhZDctNDNiNS04NDIxLTE4MjM2N2JmYzE5Yjt0ZW5hbnRJZD1lNGViMjQ3Zi1kNjI3LTQwZDktOTEwYy1jYTkzYzFkMGM0MDY=",
            "object_id": "2a55cfe9-8660-40c4-8b69-6a08cedfe6b8",
            "subscription_id": "279b419c-5ad7-43b5-8421-182367bfc19b",
            "tenant_id": "e4eb247f-d627-40d9-910c-ca93c1d0c406",
            "timeouts": null
          },
          "sensitive_attributes": []
        }
      ]
    },
    {
      "mode": "data",
      "type": "azurerm_role_definition",
      "name": "contributor",
      "provider": "provider[\"registry.terraform.io/hashicorp/azurerm\"]",
      "instances": [
        {
          "schema_version": 0,
          "attributes": {
            "assignable_scopes": [
              "/"
            ],
            "description": "Grants full access to manage all resources, but does not allow you to assign roles in Azure RBAC, manage assignments in Azure Blueprints, or share image galleries.",
            "id": "/providers/Microsoft.Authorization/roleDefinitions/b24988ac-6180-42a0-ab88-20f7382dd24c",
            "name": "Contributor",
            "permissions": [
              {
                "actions": [
                  "*"
                ],
                "data_actions": [],
                "not_actions": [
                  "Microsoft.Authorization/*/Delete",
                  "Microsoft.Authorization/*/Write",
                  "Microsoft.Authorization/elevateAccess/Action",
                  "Microsoft.Blueprint/blueprintAssignments/write",
                  "Microsoft.Blueprint/blueprintAssignments/delete",
                  "Microsoft.Compute/galleries/share/action"
                ],
                "not_data_actions": []
              }
            ],
            "role_definition_id": "/providers/Microsoft.Authorization/roleDefinitions/b24988ac-6180-42a0-ab88-20f7382dd24c",
            "scope": null,
            "timeouts": null,
            "type": "BuiltInRole"
          },
          "sensitive_attributes": []
        }
      ]
    },
    {
      "mode": "managed",
      "type": "azurerm_key_vault",
      "name": "bsc_keyvault",
      "provider": "provider[\"registry.terraform.io/hashicorp/azurerm\"]",
      "instances": [
        {
          "schema_version": 2,
          "attributes": {
            "access_policy": [
              {
                "application_id": "",
                "certificate_permissions": [],
                "key_permissions": [
                  "Get"
                ],
                "object_id": "9c4365c3-7c83-4c93-93a6-40fe3f3be255",
                "secret_permissions": [
                  "Get"
                ],
                "storage_permissions": [
                  "Get"
                ],
                "tenant_id": "e4eb247f-d627-40d9-910c-ca93c1d0c406"
              }
            ],
            "contact": [],
            "enable_rbac_authorization": false,
            "enabled_for_deployment": false,
            "enabled_for_disk_encryption": true,
            "enabled_for_template_deployment": false,
            "id": "/subscriptions/279b419c-5ad7-43b5-8421-182367bfc19b/resourceGroups/bsc-resourcegroup/providers/Microsoft.KeyVault/vaults/js-development-keyvault",
            "location": "eastus",
            "name": "js-development-keyvault",
            "network_acls": [
              {
                "bypass": "AzureServices",
                "default_action": "Allow",
                "ip_rules": [],
                "virtual_network_subnet_ids": []
              }
            ],
            "public_network_access_enabled": true,
            "purge_protection_enabled": false,
            "resource_group_name": "bsc-resourcegroup",
            "sku_name": "standard",
            "soft_delete_retention_days": 7,
            "tags": {
              "department": "finance",
              "environment": "dev",
              "purpose": "Key Vault",
              "source": "terraform"
            },
            "tenant_id": "e4eb247f-d627-40d9-910c-ca93c1d0c406",
            "timeouts": null,
            "vault_uri": "https://js-development-keyvault.vault.azure.net/"
          },
          "sensitive_attributes": [],
          "private": "eyJlMmJmYjczMC1lY2FhLTExZTYtOGY4OC0zNDM2M2JjN2M0YzAiOnsiY3JlYXRlIjoxODAwMDAwMDAwMDAwLCJkZWxldGUiOjE4MDAwMDAwMDAwMDAsInJlYWQiOjMwMDAwMDAwMDAwMCwidXBkYXRlIjoxODAwMDAwMDAwMDAwfSwic2NoZW1hX3ZlcnNpb24iOiIyIn0=",
          "dependencies": [
            "data.azurerm_client_config.current"
          ]
        }
      ]
    },
    {
      "mode": "managed",
      "type": "azurerm_log_analytics_workspace",
      "name": "bsc_oms",
      "provider": "provider[\"registry.terraform.io/hashicorp/azurerm\"]",
      "instances": [
        {
          "schema_version": 2,
          "attributes": {
            "cmk_for_query_forced": false,
            "daily_quota_gb": -1,
            "id": "/subscriptions/279b419c-5ad7-43b5-8421-182367bfc19b/resourceGroups/bsc-resourcegroup/providers/Microsoft.OperationalInsights/workspaces/npe-devevlopment-loganalytics",
            "internet_ingestion_enabled": true,
            "internet_query_enabled": true,
            "location": "eastus",
            "name": "npe-devevlopment-loganalytics",
            "primary_shared_key": "51rtl09vMI2MvhUUmkE657eGDw3XgeBSguvsxAnLvjnLC8074ANM2xZxYjA6K0bIughq/k2Iovi8PJQXqUDmow==",
            "reservation_capacity_in_gb_per_day": null,
            "resource_group_name": "bsc-resourcegroup",
            "retention_in_days": 30,
            "secondary_shared_key": "hDKgVI6QIL4EwC9c2vhRIy790P5MOEPtLdh1IRCICdvbLSHanWzB0MEwSDaVmqWjl2frXwY2IqaE7guC7OvrPQ==",
            "sku": "PerGB2018",
            "tags": {
              "department": "finance",
              "environment": "dev",
              "purpose": "log analytics workspace",
              "source": "terraform"
            },
            "timeouts": null,
            "workspace_id": "db2a519c-1d5b-4b82-8de7-bcc11472e81c"
          },
          "sensitive_attributes": [],
          "private": "eyJlMmJmYjczMC1lY2FhLTExZTYtOGY4OC0zNDM2M2JjN2M0YzAiOnsiY3JlYXRlIjoxODAwMDAwMDAwMDAwLCJkZWxldGUiOjE4MDAwMDAwMDAwMDAsInJlYWQiOjMwMDAwMDAwMDAwMCwidXBkYXRlIjoxODAwMDAwMDAwMDAwfSwic2NoZW1hX3ZlcnNpb24iOiIyIn0="
        }
      ]
    },
    {
      "mode": "managed",
      "type": "azurerm_resource_group",
      "name": "js_resource_group",
      "provider": "provider[\"registry.terraform.io/hashicorp/azurerm\"]",
      "instances": [
        {
          "schema_version": 0,
          "attributes": {
            "id": "/subscriptions/279b419c-5ad7-43b5-8421-182367bfc19b/resourceGroups/bsc-resourcegroup",
            "location": "eastus",
            "name": "bsc-resourcegroup",
            "tags": {
              "department": "finance",
              "environment": "dev",
              "purpose": "Resoursegroup",
              "source": "terraform"
            },
            "timeouts": null
          },
          "sensitive_attributes": [],
          "private": "eyJlMmJmYjczMC1lY2FhLTExZTYtOGY4OC0zNDM2M2JjN2M0YzAiOnsiY3JlYXRlIjo1NDAwMDAwMDAwMDAwLCJkZWxldGUiOjU0MDAwMDAwMDAwMDAsInJlYWQiOjMwMDAwMDAwMDAwMCwidXBkYXRlIjo1NDAwMDAwMDAwMDAwfX0="
        }
      ]
    },
    {
      "mode": "managed",
      "type": "azurerm_role_assignment",
      "name": "example_storage_account_contrib",
      "provider": "provider[\"registry.terraform.io/hashicorp/azurerm\"]",
      "instances": [
        {
          "schema_version": 0,
          "attributes": {
            "condition": "",
            "condition_version": "",
            "delegated_managed_identity_resource_id": "",
            "description": "",
            "id": "/subscriptions/279b419c-5ad7-43b5-8421-182367bfc19b/resourceGroups/bsc-resourcegroup/providers/Microsoft.Storage/storageAccounts/examplestorageaccountjs/providers/Microsoft.Authorization/roleAssignments/7f453d8a-f0cc-f458-2762-644016a88c51",
            "name": "7f453d8a-f0cc-f458-2762-644016a88c51",
            "principal_id": "e88f7a5d-1f34-4bc3-80a8-f404d1554b71",
            "principal_type": "ServicePrincipal",
            "role_definition_id": "/subscriptions/279b419c-5ad7-43b5-8421-182367bfc19b/providers/Microsoft.Authorization/roleDefinitions/17d1049b-9a84-46fb-8f53-869881c3d3ab",
            "role_definition_name": "Storage Account Contributor",
            "scope": "/subscriptions/279b419c-5ad7-43b5-8421-182367bfc19b/resourceGroups/bsc-resourcegroup/providers/Microsoft.Storage/storageAccounts/examplestorageaccountjs",
            "skip_service_principal_aad_check": null,
            "timeouts": null
          },
          "sensitive_attributes": [],
          "private": "eyJlMmJmYjczMC1lY2FhLTExZTYtOGY4OC0zNDM2M2JjN2M0YzAiOnsiY3JlYXRlIjoxODAwMDAwMDAwMDAwLCJkZWxldGUiOjE4MDAwMDAwMDAwMDAsInJlYWQiOjMwMDAwMDAwMDAwMCwidXBkYXRlIjoxODAwMDAwMDAwMDAwfX0=",
          "dependencies": [
            "azurerm_storage_account.addl",
            "azurerm_storage_data_lake_gen2_filesystem.addlfs",
            "azurerm_synapse_workspace.syn-ws"
          ]
        }
      ]
    },
    {
      "mode": "managed",
      "type": "azurerm_sql_database",
      "name": "sqldatabase",
      "provider": "provider[\"registry.terraform.io/hashicorp/azurerm\"]",
      "instances": [
        {
          "schema_version": 0,
          "attributes": {
            "collation": "SQL_Latin1_General_CP1_CI_AS",
            "create_mode": "Default",
            "creation_date": "2022-10-17T16:31:23.477Z",
            "default_secondary_location": "West US",
            "edition": "Standard",
            "elastic_pool_name": "",
            "encryption": "",
            "id": "/subscriptions/279b419c-5ad7-43b5-8421-182367bfc19b/resourceGroups/bsc-resourcegroup/providers/Microsoft.Sql/servers/dmeosqlserver0071/databases/universaldb",
            "import": [],
            "location": "eastus",
            "max_size_bytes": "268435456000",
            "max_size_gb": null,
            "name": "universaldb",
            "read_scale": false,
            "requested_service_objective_id": "f1173c43-91bd-4aaa-973c-54e79e15235b",
            "requested_service_objective_name": "S0",
            "resource_group_name": "bsc-resourcegroup",
            "restore_point_in_time": null,
            "server_name": "dmeosqlserver0071",
            "source_database_deletion_date": null,
            "source_database_id": null,
            "tags": {
              "department": "finance",
              "environment": "dev",
              "purpose": "sql database",
              "source": "terraform"
            },
            "threat_detection_policy": [
              {
                "disabled_alerts": [],
                "email_account_admins": "Disabled",
                "email_addresses": [],
                "retention_days": 0,
                "state": "Disabled",
                "storage_account_access_key": "",
                "storage_endpoint": ""
              }
            ],
            "timeouts": null,
            "zone_redundant": false
          },
          "sensitive_attributes": [],
          "private": "eyJlMmJmYjczMC1lY2FhLTExZTYtOGY4OC0zNDM2M2JjN2M0YzAiOnsiY3JlYXRlIjozNjAwMDAwMDAwMDAwLCJkZWxldGUiOjM2MDAwMDAwMDAwMDAsInJlYWQiOjMwMDAwMDAwMDAwMCwidXBkYXRlIjozNjAwMDAwMDAwMDAwfX0=",
          "dependencies": [
            "azurerm_sql_server.sqlserver"
          ]
        }
      ]
    },
    {
      "mode": "managed",
      "type": "azurerm_sql_server",
      "name": "sqlserver",
      "provider": "provider[\"registry.terraform.io/hashicorp/azurerm\"]",
      "instances": [
        {
          "schema_version": 0,
          "attributes": {
            "administrator_login": "mradministrator",
            "administrator_login_password": "thisIsDog11",
            "connection_policy": "Default",
            "fully_qualified_domain_name": "dmeosqlserver0071.database.windows.net",
            "id": "/subscriptions/279b419c-5ad7-43b5-8421-182367bfc19b/resourceGroups/bsc-resourcegroup/providers/Microsoft.Sql/servers/dmeosqlserver0071",
            "identity": [],
            "location": "eastus",
            "name": "dmeosqlserver0071",
            "resource_group_name": "bsc-resourcegroup",
            "tags": {
              "department": "finance",
              "environment": "dev",
              "purpose": "sql server",
              "source": "terraform"
            },
            "threat_detection_policy": [
              {
                "disabled_alerts": [
                  ""
                ],
                "email_account_admins": false,
                "email_addresses": [
                  ""
                ],
                "retention_days": 0,
                "state": "Disabled",
                "storage_account_access_key": "",
                "storage_endpoint": ""
              }
            ],
            "timeouts": null,
            "version": "12.0"
          },
          "sensitive_attributes": [],
          "private": "eyJlMmJmYjczMC1lY2FhLTExZTYtOGY4OC0zNDM2M2JjN2M0YzAiOnsiY3JlYXRlIjozNjAwMDAwMDAwMDAwLCJkZWxldGUiOjM2MDAwMDAwMDAwMDAsInJlYWQiOjMwMDAwMDAwMDAwMCwidXBkYXRlIjozNjAwMDAwMDAwMDAwfX0="
        }
      ]
    },
    {
      "mode": "managed",
      "type": "azurerm_storage_account",
      "name": "addl",
      "provider": "provider[\"registry.terraform.io/hashicorp/azurerm\"]",
      "instances": [
        {
          "schema_version": 3,
          "attributes": {
            "access_tier": "Hot",
            "account_kind": "StorageV2",
            "account_replication_type": "LRS",
            "account_tier": "Standard",
            "allow_nested_items_to_be_public": true,
            "azure_files_authentication": [],
            "blob_properties": [
              {
                "change_feed_enabled": false,
                "change_feed_retention_in_days": 0,
                "container_delete_retention_policy": [],
                "cors_rule": [],
                "default_service_version": "",
                "delete_retention_policy": [],
                "last_access_time_enabled": false,
                "versioning_enabled": false
              }
            ],
            "cross_tenant_replication_enabled": true,
            "custom_domain": [],
            "customer_managed_key": [],
            "default_to_oauth_authentication": false,
            "edge_zone": "",
            "enable_https_traffic_only": true,
            "id": "/subscriptions/279b419c-5ad7-43b5-8421-182367bfc19b/resourceGroups/bsc-resourcegroup/providers/Microsoft.Storage/storageAccounts/examplestorageaccountjs",
            "identity": [],
            "infrastructure_encryption_enabled": false,
            "is_hns_enabled": true,
            "large_file_share_enabled": null,
            "location": "eastus",
            "min_tls_version": "TLS1_2",
            "name": "examplestorageaccountjs",
            "network_rules": [
              {
                "bypass": [
                  "AzureServices"
                ],
                "default_action": "Allow",
                "ip_rules": [],
                "private_link_access": [],
                "virtual_network_subnet_ids": []
              }
            ],
            "nfsv3_enabled": false,
            "primary_access_key": "WS8lZ0wQ0zEZ2O8VRAnqYqtLYRQ7jE41NljkVIqJ2MwNSy2xKD7Q66Pf44LwtqMt/CC6NiijI7DI+AStee6urg==",
            "primary_blob_connection_string": "DefaultEndpointsProtocol=https;BlobEndpoint=https://examplestorageaccountjs.blob.core.windows.net/;AccountName=examplestorageaccountjs;AccountKey=WS8lZ0wQ0zEZ2O8VRAnqYqtLYRQ7jE41NljkVIqJ2MwNSy2xKD7Q66Pf44LwtqMt/CC6NiijI7DI+AStee6urg==",
            "primary_blob_endpoint": "https://examplestorageaccountjs.blob.core.windows.net/",
            "primary_blob_host": "examplestorageaccountjs.blob.core.windows.net",
            "primary_connection_string": "DefaultEndpointsProtocol=https;AccountName=examplestorageaccountjs;AccountKey=WS8lZ0wQ0zEZ2O8VRAnqYqtLYRQ7jE41NljkVIqJ2MwNSy2xKD7Q66Pf44LwtqMt/CC6NiijI7DI+AStee6urg==;EndpointSuffix=core.windows.net",
            "primary_dfs_endpoint": "https://examplestorageaccountjs.dfs.core.windows.net/",
            "primary_dfs_host": "examplestorageaccountjs.dfs.core.windows.net",
            "primary_file_endpoint": "https://examplestorageaccountjs.file.core.windows.net/",
            "primary_file_host": "examplestorageaccountjs.file.core.windows.net",
            "primary_location": "eastus",
            "primary_queue_endpoint": "https://examplestorageaccountjs.queue.core.windows.net/",
            "primary_queue_host": "examplestorageaccountjs.queue.core.windows.net",
            "primary_table_endpoint": "https://examplestorageaccountjs.table.core.windows.net/",
            "primary_table_host": "examplestorageaccountjs.table.core.windows.net",
            "primary_web_endpoint": "https://examplestorageaccountjs.z13.web.core.windows.net/",
            "primary_web_host": "examplestorageaccountjs.z13.web.core.windows.net",
            "public_network_access_enabled": true,
            "queue_encryption_key_type": "Service",
            "queue_properties": [
              {
                "cors_rule": [],
                "hour_metrics": [
                  {
                    "enabled": true,
                    "include_apis": true,
                    "retention_policy_days": 7,
                    "version": "1.0"
                  }
                ],
                "logging": [
                  {
                    "delete": false,
                    "read": false,
                    "retention_policy_days": 0,
                    "version": "1.0",
                    "write": false
                  }
                ],
                "minute_metrics": [
                  {
                    "enabled": false,
                    "include_apis": false,
                    "retention_policy_days": 0,
                    "version": "1.0"
                  }
                ]
              }
            ],
            "resource_group_name": "bsc-resourcegroup",
            "routing": [],
            "secondary_access_key": "Ph6A9XhCYdXeiZjhFd/vq0giiAI/o53rzzTNCC2Ihypr4PoUTSfzUwFm2EsBiNyD90PMMCYM/z4T+AStuBZtZg==",
            "secondary_blob_connection_string": "",
            "secondary_blob_endpoint": null,
            "secondary_blob_host": null,
            "secondary_connection_string": "DefaultEndpointsProtocol=https;AccountName=examplestorageaccountjs;AccountKey=Ph6A9XhCYdXeiZjhFd/vq0giiAI/o53rzzTNCC2Ihypr4PoUTSfzUwFm2EsBiNyD90PMMCYM/z4T+AStuBZtZg==;EndpointSuffix=core.windows.net",
            "secondary_dfs_endpoint": null,
            "secondary_dfs_host": null,
            "secondary_file_endpoint": null,
            "secondary_file_host": null,
            "secondary_location": "",
            "secondary_queue_endpoint": null,
            "secondary_queue_host": null,
            "secondary_table_endpoint": null,
            "secondary_table_host": null,
            "secondary_web_endpoint": null,
            "secondary_web_host": null,
            "share_properties": [
              {
                "cors_rule": [],
                "retention_policy": [
                  {
                    "days": 7
                  }
                ],
                "smb": []
              }
            ],
            "shared_access_key_enabled": true,
            "static_website": [],
            "table_encryption_key_type": "Service",
            "tags": {},
            "timeouts": null
          },
          "sensitive_attributes": [],
          "private": "eyJlMmJmYjczMC1lY2FhLTExZTYtOGY4OC0zNDM2M2JjN2M0YzAiOnsiY3JlYXRlIjozNjAwMDAwMDAwMDAwLCJkZWxldGUiOjM2MDAwMDAwMDAwMDAsInJlYWQiOjMwMDAwMDAwMDAwMCwidXBkYXRlIjozNjAwMDAwMDAwMDAwfSwic2NoZW1hX3ZlcnNpb24iOiIzIn0="
        }
      ]
    },
    {
      "mode": "managed",
      "type": "azurerm_storage_account",
      "name": "stgaccount",
      "provider": "provider[\"registry.terraform.io/hashicorp/azurerm\"]",
      "instances": [
        {
          "schema_version": 3,
          "attributes": {
            "access_tier": "Hot",
            "account_kind": "StorageV2",
            "account_replication_type": "LRS",
            "account_tier": "Standard",
            "allow_nested_items_to_be_public": true,
            "azure_files_authentication": [],
            "blob_properties": [
              {
                "change_feed_enabled": false,
                "change_feed_retention_in_days": 0,
                "container_delete_retention_policy": [],
                "cors_rule": [],
                "default_service_version": "",
                "delete_retention_policy": [],
                "last_access_time_enabled": false,
                "versioning_enabled": false
              }
            ],
            "cross_tenant_replication_enabled": true,
            "custom_domain": [],
            "customer_managed_key": [],
            "default_to_oauth_authentication": false,
            "edge_zone": "",
            "enable_https_traffic_only": true,
            "id": "/subscriptions/279b419c-5ad7-43b5-8421-182367bfc19b/resourceGroups/bsc-resourcegroup/providers/Microsoft.Storage/storageAccounts/stgaccount0071",
            "identity": [],
            "infrastructure_encryption_enabled": false,
            "is_hns_enabled": false,
            "large_file_share_enabled": null,
            "location": "eastus",
            "min_tls_version": "TLS1_2",
            "name": "stgaccount0071",
            "network_rules": [
              {
                "bypass": [
                  "AzureServices"
                ],
                "default_action": "Allow",
                "ip_rules": [],
                "private_link_access": [],
                "virtual_network_subnet_ids": []
              }
            ],
            "nfsv3_enabled": false,
            "primary_access_key": "LPh/pX8r7OMjzuZ7TflhaQZMdr3NYrzXB5HCq96ZRMpu3VeTScXrrLgCh6uY/b41sPuSZyHFUWQ0+AStQwm+OA==",
            "primary_blob_connection_string": "DefaultEndpointsProtocol=https;BlobEndpoint=https://stgaccount0071.blob.core.windows.net/;AccountName=stgaccount0071;AccountKey=LPh/pX8r7OMjzuZ7TflhaQZMdr3NYrzXB5HCq96ZRMpu3VeTScXrrLgCh6uY/b41sPuSZyHFUWQ0+AStQwm+OA==",
            "primary_blob_endpoint": "https://stgaccount0071.blob.core.windows.net/",
            "primary_blob_host": "stgaccount0071.blob.core.windows.net",
            "primary_connection_string": "DefaultEndpointsProtocol=https;AccountName=stgaccount0071;AccountKey=LPh/pX8r7OMjzuZ7TflhaQZMdr3NYrzXB5HCq96ZRMpu3VeTScXrrLgCh6uY/b41sPuSZyHFUWQ0+AStQwm+OA==;EndpointSuffix=core.windows.net",
            "primary_dfs_endpoint": "https://stgaccount0071.dfs.core.windows.net/",
            "primary_dfs_host": "stgaccount0071.dfs.core.windows.net",
            "primary_file_endpoint": "https://stgaccount0071.file.core.windows.net/",
            "primary_file_host": "stgaccount0071.file.core.windows.net",
            "primary_location": "eastus",
            "primary_queue_endpoint": "https://stgaccount0071.queue.core.windows.net/",
            "primary_queue_host": "stgaccount0071.queue.core.windows.net",
            "primary_table_endpoint": "https://stgaccount0071.table.core.windows.net/",
            "primary_table_host": "stgaccount0071.table.core.windows.net",
            "primary_web_endpoint": "https://stgaccount0071.z13.web.core.windows.net/",
            "primary_web_host": "stgaccount0071.z13.web.core.windows.net",
            "public_network_access_enabled": true,
            "queue_encryption_key_type": "Service",
            "queue_properties": [
              {
                "cors_rule": [],
                "hour_metrics": [
                  {
                    "enabled": true,
                    "include_apis": true,
                    "retention_policy_days": 7,
                    "version": "1.0"
                  }
                ],
                "logging": [
                  {
                    "delete": false,
                    "read": false,
                    "retention_policy_days": 0,
                    "version": "1.0",
                    "write": false
                  }
                ],
                "minute_metrics": [
                  {
                    "enabled": false,
                    "include_apis": false,
                    "retention_policy_days": 0,
                    "version": "1.0"
                  }
                ]
              }
            ],
            "resource_group_name": "bsc-resourcegroup",
            "routing": [],
            "secondary_access_key": "IXrL8eDM6vTIxMjrptPpkmUVDB8KIUZ0cOgdlSbaNViuYRRgDeTyCh/B28E/2ccYAW1WP4X2fTEJ+AStg9GwAA==",
            "secondary_blob_connection_string": "",
            "secondary_blob_endpoint": null,
            "secondary_blob_host": null,
            "secondary_connection_string": "DefaultEndpointsProtocol=https;AccountName=stgaccount0071;AccountKey=IXrL8eDM6vTIxMjrptPpkmUVDB8KIUZ0cOgdlSbaNViuYRRgDeTyCh/B28E/2ccYAW1WP4X2fTEJ+AStg9GwAA==;EndpointSuffix=core.windows.net",
            "secondary_dfs_endpoint": null,
            "secondary_dfs_host": null,
            "secondary_file_endpoint": null,
            "secondary_file_host": null,
            "secondary_location": "",
            "secondary_queue_endpoint": null,
            "secondary_queue_host": null,
            "secondary_table_endpoint": null,
            "secondary_table_host": null,
            "secondary_web_endpoint": null,
            "secondary_web_host": null,
            "share_properties": [
              {
                "cors_rule": [],
                "retention_policy": [
                  {
                    "days": 7
                  }
                ],
                "smb": []
              }
            ],
            "shared_access_key_enabled": true,
            "static_website": [],
            "table_encryption_key_type": "Service",
            "tags": null,
            "timeouts": null
          },
          "sensitive_attributes": [],
          "private": "eyJlMmJmYjczMC1lY2FhLTExZTYtOGY4OC0zNDM2M2JjN2M0YzAiOnsiY3JlYXRlIjozNjAwMDAwMDAwMDAwLCJkZWxldGUiOjM2MDAwMDAwMDAwMDAsInJlYWQiOjMwMDAwMDAwMDAwMCwidXBkYXRlIjozNjAwMDAwMDAwMDAwfSwic2NoZW1hX3ZlcnNpb24iOiIzIn0="
        }
      ]
    },
    {
      "mode": "managed",
      "type": "azurerm_storage_data_lake_gen2_filesystem",
      "name": "addlfs",
      "provider": "provider[\"registry.terraform.io/hashicorp/azurerm\"]",
      "instances": [
        {
          "schema_version": 0,
          "attributes": {
            "ace": [
              {
                "id": "",
                "permissions": "---",
                "scope": "access",
                "type": "other"
              },
              {
                "id": "",
                "permissions": "r-x",
                "scope": "access",
                "type": "group"
              },
              {
                "id": "",
                "permissions": "rwx",
                "scope": "access",
                "type": "user"
              }
            ],
            "group": "2a55cfe9-8660-40c4-8b69-6a08cedfe6b8",
            "id": "https://examplestorageaccountjs.dfs.core.windows.net/bsc-resourcegroup",
            "name": "bsc-resourcegroup",
            "owner": "2a55cfe9-8660-40c4-8b69-6a08cedfe6b8",
            "properties": {},
            "storage_account_id": "/subscriptions/279b419c-5ad7-43b5-8421-182367bfc19b/resourceGroups/bsc-resourcegroup/providers/Microsoft.Storage/storageAccounts/examplestorageaccountjs",
            "timeouts": null
          },
          "sensitive_attributes": [],
          "private": "eyJlMmJmYjczMC1lY2FhLTExZTYtOGY4OC0zNDM2M2JjN2M0YzAiOnsiY3JlYXRlIjoxODAwMDAwMDAwMDAwLCJkZWxldGUiOjE4MDAwMDAwMDAwMDAsInJlYWQiOjMwMDAwMDAwMDAwMCwidXBkYXRlIjoxODAwMDAwMDAwMDAwfX0=",
          "dependencies": [
            "azurerm_storage_account.addl"
          ]
        }
      ]
    },
    {
      "mode": "managed",
      "type": "azurerm_synapse_firewall_rule",
      "name": "synapse-firewall-rule",
      "provider": "provider[\"registry.terraform.io/hashicorp/azurerm\"]",
      "instances": [
        {
          "schema_version": 0,
          "attributes": {
            "end_ip_address": "99.48.52.163",
            "id": "/subscriptions/279b419c-5ad7-43b5-8421-182367bfc19b/resourceGroups/bsc-resourcegroup/providers/Microsoft.Synapse/workspaces/syn-prod-workspace-99/firewallRules/AllowAll",
            "name": "AllowAll",
            "start_ip_address": "99.48.52.163",
            "synapse_workspace_id": "/subscriptions/279b419c-5ad7-43b5-8421-182367bfc19b/resourceGroups/bsc-resourcegroup/providers/Microsoft.Synapse/workspaces/syn-prod-workspace-99",
            "timeouts": null
          },
          "sensitive_attributes": [],
          "private": "eyJlMmJmYjczMC1lY2FhLTExZTYtOGY4OC0zNDM2M2JjN2M0YzAiOnsiY3JlYXRlIjoxODAwMDAwMDAwMDAwLCJkZWxldGUiOjE4MDAwMDAwMDAwMDAsInJlYWQiOjMwMDAwMDAwMDAwMCwidXBkYXRlIjoxODAwMDAwMDAwMDAwfX0=",
          "dependencies": [
            "azurerm_storage_account.addl",
            "azurerm_storage_data_lake_gen2_filesystem.addlfs",
            "azurerm_synapse_workspace.syn-ws"
          ]
        }
      ]
    },
    {
      "mode": "managed",
      "type": "azurerm_synapse_role_assignment",
      "name": "synapse-role-assignment",
      "provider": "provider[\"registry.terraform.io/hashicorp/azurerm\"]",
      "instances": [
        {
          "schema_version": 1,
          "attributes": {
            "id": "/subscriptions/279b419c-5ad7-43b5-8421-182367bfc19b/resourceGroups/bsc-resourcegroup/providers/Microsoft.Synapse/workspaces/syn-prod-workspace-99|b9c64358-11cc-9c00-f16b-c1ee3d2c02ae",
            "principal_id": "2a55cfe9-8660-40c4-8b69-6a08cedfe6b8",
            "role_name": "Synapse Contributor",
            "synapse_spark_pool_id": "",
            "synapse_workspace_id": "/subscriptions/279b419c-5ad7-43b5-8421-182367bfc19b/resourceGroups/bsc-resourcegroup/providers/Microsoft.Synapse/workspaces/syn-prod-workspace-99",
            "timeouts": null
          },
          "sensitive_attributes": [],
          "private": "eyJlMmJmYjczMC1lY2FhLTExZTYtOGY4OC0zNDM2M2JjN2M0YzAiOnsiY3JlYXRlIjoxODAwMDAwMDAwMDAwLCJkZWxldGUiOjE4MDAwMDAwMDAwMDAsInJlYWQiOjMwMDAwMDAwMDAwMH0sInNjaGVtYV92ZXJzaW9uIjoiMSJ9",
          "dependencies": [
            "azurerm_storage_account.addl",
            "azurerm_storage_data_lake_gen2_filesystem.addlfs",
            "azurerm_synapse_firewall_rule.synapse-firewall-rule",
            "azurerm_synapse_workspace.syn-ws",
            "data.azurerm_client_config.current"
          ]
        }
      ]
    },
    {
      "mode": "managed",
      "type": "azurerm_synapse_spark_pool",
      "name": "synapse-spark-pool",
      "provider": "provider[\"registry.terraform.io/hashicorp/azurerm\"]",
      "instances": [
        {
          "schema_version": 0,
          "attributes": {
            "auto_pause": [
              {
                "delay_in_minutes": 15
              }
            ],
            "auto_scale": [
              {
                "max_node_count": 50,
                "min_node_count": 3
              }
            ],
            "cache_size": 100,
            "compute_isolation_enabled": false,
            "dynamic_executor_allocation_enabled": false,
            "id": "/subscriptions/279b419c-5ad7-43b5-8421-182367bfc19b/resourceGroups/bsc-resourcegroup/providers/Microsoft.Synapse/workspaces/syn-prod-workspace-99/bigDataPools/sprkpoolbig001",
            "library_requirement": [
              {
                "content": "appnope==0.1.0\r\nbeautifulsoup4==4.6.3\r\n",
                "filename": "requirements.txt"
              }
            ],
            "name": "sprkpoolbig001",
            "node_count": 0,
            "node_size": "Small",
            "node_size_family": "MemoryOptimized",
            "session_level_packages_enabled": false,
            "spark_config": [
              {
                "content": "spark.shuffle.spill                true\r\n",
                "filename": "config.txt"
              }
            ],
            "spark_events_folder": "/events",
            "spark_log_folder": "/logs",
            "spark_version": "2.4",
            "synapse_workspace_id": "/subscriptions/279b419c-5ad7-43b5-8421-182367bfc19b/resourceGroups/bsc-resourcegroup/providers/Microsoft.Synapse/workspaces/syn-prod-workspace-99",
            "tags": {
              "department": "finance",
              "environment": "dev",
              "purpose": "synapse spark pool",
              "source": "terraform"
            },
            "timeouts": null
          },
          "sensitive_attributes": [],
          "private": "eyJlMmJmYjczMC1lY2FhLTExZTYtOGY4OC0zNDM2M2JjN2M0YzAiOnsiY3JlYXRlIjoxODAwMDAwMDAwMDAwLCJkZWxldGUiOjE4MDAwMDAwMDAwMDAsInJlYWQiOjMwMDAwMDAwMDAwMCwidXBkYXRlIjoxODAwMDAwMDAwMDAwfX0=",
          "dependencies": [
            "azurerm_storage_account.addl",
            "azurerm_storage_data_lake_gen2_filesystem.addlfs",
            "azurerm_synapse_workspace.syn-ws"
          ]
        }
      ]
    },
    {
      "mode": "managed",
      "type": "azurerm_synapse_sql_pool",
      "name": "synapse-sql-pool",
      "provider": "provider[\"registry.terraform.io/hashicorp/azurerm\"]",
      "instances": [
        {
          "schema_version": 0,
          "attributes": {
            "collation": "SQL_Latin1_General_CP1_CI_AS",
            "create_mode": "Default",
            "data_encrypted": false,
            "id": "/subscriptions/279b419c-5ad7-43b5-8421-182367bfc19b/resourceGroups/bsc-resourcegroup/providers/Microsoft.Synapse/workspaces/syn-prod-workspace-99/sqlPools/syn_dedicatedsql1",
            "name": "syn_dedicatedsql1",
            "recovery_database_id": null,
            "restore": [],
            "sku_name": "DW100c",
            "synapse_workspace_id": "/subscriptions/279b419c-5ad7-43b5-8421-182367bfc19b/resourceGroups/bsc-resourcegroup/providers/Microsoft.Synapse/workspaces/syn-prod-workspace-99",
            "tags": {},
            "timeouts": null
          },
          "sensitive_attributes": [],
          "private": "eyJlMmJmYjczMC1lY2FhLTExZTYtOGY4OC0zNDM2M2JjN2M0YzAiOnsiY3JlYXRlIjoxODAwMDAwMDAwMDAwLCJkZWxldGUiOjE4MDAwMDAwMDAwMDAsInJlYWQiOjMwMDAwMDAwMDAwMCwidXBkYXRlIjoxODAwMDAwMDAwMDAwfX0=",
          "dependencies": [
            "azurerm_storage_data_lake_gen2_filesystem.addlfs",
            "azurerm_synapse_workspace.syn-ws"
          ]
        }
      ]
    },
    {
      "mode": "managed",
      "type": "azurerm_synapse_workspace",
      "name": "syn-ws",
      "provider": "provider[\"registry.terraform.io/hashicorp/azurerm\"]",
      "instances": [
        {
          "schema_version": 0,
          "attributes": {
            "aad_admin": [
              {
                "login": "AzureAD Admin",
                "object_id": "2a55cfe9-8660-40c4-8b69-6a08cedfe6b8",
                "tenant_id": "e4eb247f-d627-40d9-910c-ca93c1d0c406"
              }
            ],
            "azure_devops_repo": [],
            "compute_subnet_id": null,
            "connectivity_endpoints": {
              "dev": "https://syn-prod-workspace-99.dev.azuresynapse.net",
              "sql": "syn-prod-workspace-99.sql.azuresynapse.net",
              "sqlOnDemand": "syn-prod-workspace-99-ondemand.sql.azuresynapse.net",
              "web": "https://web.azuresynapse.net?workspace=%2fsubscriptions%2f279b419c-5ad7-43b5-8421-182367bfc19b%2fresourceGroups%2fbsc-resourcegroup%2fproviders%2fMicrosoft.Synapse%2fworkspaces%2fsyn-prod-workspace-99"
            },
            "customer_managed_key": [],
            "data_exfiltration_protection_enabled": null,
            "github_repo": [],
            "id": "/subscriptions/279b419c-5ad7-43b5-8421-182367bfc19b/resourceGroups/bsc-resourcegroup/providers/Microsoft.Synapse/workspaces/syn-prod-workspace-99",
            "identity": [
              {
                "principal_id": "e88f7a5d-1f34-4bc3-80a8-f404d1554b71",
                "tenant_id": "e4eb247f-d627-40d9-910c-ca93c1d0c406",
                "type": "SystemAssigned"
              }
            ],
            "linking_allowed_for_aad_tenant_ids": null,
            "location": "eastus",
            "managed_resource_group_name": "synapseworkspace-managedrg-72775594-827d-4aef-9230-02f25cdc7936",
            "managed_virtual_network_enabled": false,
            "name": "syn-prod-workspace-99",
            "public_network_access_enabled": true,
            "purview_id": null,
            "resource_group_name": "bsc-resourcegroup",
            "sql_aad_admin": [
              {
                "login": "AzureAD Admin",
                "object_id": "2a55cfe9-8660-40c4-8b69-6a08cedfe6b8",
                "tenant_id": "e4eb247f-d627-40d9-910c-ca93c1d0c406"
              }
            ],
            "sql_administrator_login": "sqladminuser",
            "sql_administrator_login_password": "H@Sh1CoR3!",
            "sql_identity_control_enabled": true,
            "storage_data_lake_gen2_filesystem_id": "https://examplestorageaccountjs.dfs.core.windows.net/bsc-resourcegroup",
            "tags": {
              "department": "finance",
              "environment": "dev",
              "purpose": "synapse workspace",
              "source": "terraform"
            },
            "timeouts": null
          },
          "sensitive_attributes": [],
          "private": "eyJlMmJmYjczMC1lY2FhLTExZTYtOGY4OC0zNDM2M2JjN2M0YzAiOnsiY3JlYXRlIjoxODAwMDAwMDAwMDAwLCJkZWxldGUiOjE4MDAwMDAwMDAwMDAsInJlYWQiOjMwMDAwMDAwMDAwMCwidXBkYXRlIjoxODAwMDAwMDAwMDAwfX0=",
          "dependencies": [
            "azurerm_storage_account.addl",
            "azurerm_storage_data_lake_gen2_filesystem.addlfs"
          ]
        }
      ]
    },
    {
      "mode": "managed",
      "type": "azurerm_synapse_workspace_sql_aad_admin",
      "name": "syn-ws-aad",
      "provider": "provider[\"registry.terraform.io/hashicorp/azurerm\"]",
      "instances": [
        {
          "schema_version": 0,
          "attributes": {
            "id": "/subscriptions/279b419c-5ad7-43b5-8421-182367bfc19b/resourceGroups/bsc-resourcegroup/providers/Microsoft.Synapse/workspaces/syn-prod-workspace-99/sqlAdministrators/activeDirectory",
            "login": "AzureAD Admin",
            "object_id": "2a55cfe9-8660-40c4-8b69-6a08cedfe6b8",
            "synapse_workspace_id": "/subscriptions/279b419c-5ad7-43b5-8421-182367bfc19b/resourceGroups/bsc-resourcegroup/providers/Microsoft.Synapse/workspaces/syn-prod-workspace-99",
            "tenant_id": "e4eb247f-d627-40d9-910c-ca93c1d0c406",
            "timeouts": null
          },
          "sensitive_attributes": [],
          "private": "eyJlMmJmYjczMC1lY2FhLTExZTYtOGY4OC0zNDM2M2JjN2M0YzAiOnsiY3JlYXRlIjoxODAwMDAwMDAwMDAwLCJkZWxldGUiOjE4MDAwMDAwMDAwMDAsInJlYWQiOjMwMDAwMDAwMDAwMCwidXBkYXRlIjoxODAwMDAwMDAwMDAwfX0=",
          "dependencies": [
            "azurerm_storage_account.addl",
            "azurerm_storage_data_lake_gen2_filesystem.addlfs",
            "azurerm_synapse_workspace.syn-ws",
            "data.azurerm_client_config.current"
          ]
        }
      ]
    },
    {
      "mode": "managed",
      "type": "azurerm_user_assigned_identity",
      "name": "user-assigned-identity",
      "provider": "provider[\"registry.terraform.io/hashicorp/azurerm\"]",
      "instances": [
        {
          "schema_version": 1,
          "attributes": {
            "client_id": "1f9c212e-33f4-4339-b771-b7c96a10d808",
            "id": "/subscriptions/279b419c-5ad7-43b5-8421-182367bfc19b/resourceGroups/bsc-resourcegroup/providers/Microsoft.ManagedIdentity/userAssignedIdentities/syn-workspace-identity",
            "location": "eastus",
            "name": "syn-workspace-identity",
            "principal_id": "a5fe4daf-c616-4b77-bec4-372e18226a73",
            "resource_group_name": "bsc-resourcegroup",
            "tags": {},
            "tenant_id": "e4eb247f-d627-40d9-910c-ca93c1d0c406",
            "timeouts": null
          },
          "sensitive_attributes": [],
          "private": "eyJlMmJmYjczMC1lY2FhLTExZTYtOGY4OC0zNDM2M2JjN2M0YzAiOnsiY3JlYXRlIjoxODAwMDAwMDAwMDAwLCJkZWxldGUiOjE4MDAwMDAwMDAwMDAsInJlYWQiOjMwMDAwMDAwMDAwMCwidXBkYXRlIjoxODAwMDAwMDAwMDAwfSwic2NoZW1hX3ZlcnNpb24iOiIxIn0="
        }
      ]
    },
    {
      "mode": "managed",
      "type": "azurerm_virtual_network",
      "name": "js_virtual_network",
      "provider": "provider[\"registry.terraform.io/hashicorp/azurerm\"]",
      "instances": [
        {
          "schema_version": 0,
          "attributes": {
            "address_space": [
              "10.0.0.0/16"
            ],
            "bgp_community": "",
            "ddos_protection_plan": [],
            "dns_servers": [],
            "edge_zone": "",
            "flow_timeout_in_minutes": 0,
            "guid": "14faf97a-4612-4970-a387-bd8ce9feccf1",
            "id": "/subscriptions/279b419c-5ad7-43b5-8421-182367bfc19b/resourceGroups/bsc-resourcegroup/providers/Microsoft.Network/virtualNetworks/bsc-vnet0001",
            "location": "eastus",
            "name": "bsc-vnet0001",
            "resource_group_name": "bsc-resourcegroup",
            "subnet": [
              {
                "address_prefix": "10.0.1.0/24",
                "id": "/subscriptions/279b419c-5ad7-43b5-8421-182367bfc19b/resourceGroups/bsc-resourcegroup/providers/Microsoft.Network/virtualNetworks/bsc-vnet0001/subnets/subnet1",
                "name": "subnet1",
                "security_group": ""
              },
              {
                "address_prefix": "10.0.2.0/24",
                "id": "/subscriptions/279b419c-5ad7-43b5-8421-182367bfc19b/resourceGroups/bsc-resourcegroup/providers/Microsoft.Network/virtualNetworks/bsc-vnet0001/subnets/subnet2",
                "name": "subnet2",
                "security_group": ""
              }
            ],
            "tags": {
              "department": "finance",
              "environment": "dev",
              "purpose": "Virtual Network",
              "source": "terraform"
            },
            "timeouts": null
          },
          "sensitive_attributes": [],
          "private": "eyJlMmJmYjczMC1lY2FhLTExZTYtOGY4OC0zNDM2M2JjN2M0YzAiOnsiY3JlYXRlIjoxODAwMDAwMDAwMDAwLCJkZWxldGUiOjE4MDAwMDAwMDAwMDAsInJlYWQiOjMwMDAwMDAwMDAwMCwidXBkYXRlIjoxODAwMDAwMDAwMDAwfX0="
        }
      ]
    }
  ]
}
