{
  "version": 4,
  "terraform_version": "1.2.4",
  "serial": 40,
  "lineage": "c50360c2-dbbb-63f0-5bbc-ed2a00d9643e",
  "outputs": {},
  "resources": [
    {
      "mode": "data",
      "type": "azurerm_client_config",
      "name": "current",
      "provider": "provider[\"registry.terraform.io/hashicorp/azurerm\"]",
      "instances": [
        {
          "schema_version": 0,
          "attributes": {
            "client_id": "04b07795-8ddb-461a-bbee-02f9e1bf7b46",
            "id": "Y2xpZW50Q29uZmlncy9jbGllbnRJZD0wNGIwNzc5NS04ZGRiLTQ2MWEtYmJlZS0wMmY5ZTFiZjdiNDY7b2JqZWN0SWQ9MmE1NWNmZTktODY2MC00MGM0LThiNjktNmEwOGNlZGZlNmI4O3N1YnNjcmlwdGlvbklkPTI3OWI0MTljLTVhZDctNDNiNS04NDIxLTE4MjM2N2JmYzE5Yjt0ZW5hbnRJZD1lNGViMjQ3Zi1kNjI3LTQwZDktOTEwYy1jYTkzYzFkMGM0MDY=",
            "object_id": "2a55cfe9-8660-40c4-8b69-6a08cedfe6b8",
            "subscription_id": "279b419c-5ad7-43b5-8421-182367bfc19b",
            "tenant_id": "e4eb247f-d627-40d9-910c-ca93c1d0c406",
            "timeouts": null
          },
          "sensitive_attributes": []
        }
      ]
    },
    {
      "mode": "data",
      "type": "azurerm_role_definition",
      "name": "contributor",
      "provider": "provider[\"registry.terraform.io/hashicorp/azurerm\"]",
      "instances": [
        {
          "schema_version": 0,
          "attributes": {
            "assignable_scopes": [
              "/"
            ],
            "description": "Grants full access to manage all resources, but does not allow you to assign roles in Azure RBAC, manage assignments in Azure Blueprints, or share image galleries.",
            "id": "/providers/Microsoft.Authorization/roleDefinitions/b24988ac-6180-42a0-ab88-20f7382dd24c",
            "name": "Contributor",
            "permissions": [
              {
                "actions": [
                  "*"
                ],
                "data_actions": [],
                "not_actions": [
                  "Microsoft.Authorization/*/Delete",
                  "Microsoft.Authorization/*/Write",
                  "Microsoft.Authorization/elevateAccess/Action",
                  "Microsoft.Blueprint/blueprintAssignments/write",
                  "Microsoft.Blueprint/blueprintAssignments/delete",
                  "Microsoft.Compute/galleries/share/action"
                ],
                "not_data_actions": []
              }
            ],
            "role_definition_id": "/providers/Microsoft.Authorization/roleDefinitions/b24988ac-6180-42a0-ab88-20f7382dd24c",
            "scope": null,
            "timeouts": null,
            "type": "BuiltInRole"
          },
          "sensitive_attributes": []
        }
      ]
    },
    {
      "mode": "managed",
      "type": "azurerm_key_vault",
      "name": "bsc_keyvault",
      "provider": "provider[\"registry.terraform.io/hashicorp/azurerm\"]",
      "instances": [
        {
          "schema_version": 2,
          "attributes": {
            "access_policy": [
              {
                "application_id": "",
                "certificate_permissions": [],
                "key_permissions": [
                  "Get"
                ],
                "object_id": "9c4365c3-7c83-4c93-93a6-40fe3f3be255",
                "secret_permissions": [
                  "Get"
                ],
                "storage_permissions": [
                  "Get"
                ],
                "tenant_id": "e4eb247f-d627-40d9-910c-ca93c1d0c406"
              }
            ],
            "contact": [],
            "enable_rbac_authorization": false,
            "enabled_for_deployment": false,
            "enabled_for_disk_encryption": true,
            "enabled_for_template_deployment": false,
            "id": "/subscriptions/279b419c-5ad7-43b5-8421-182367bfc19b/resourceGroups/bsc-resourcegroup/providers/Microsoft.KeyVault/vaults/js-development-keyvault",
            "location": "eastus",
            "name": "js-development-keyvault",
            "network_acls": [
              {
                "bypass": "AzureServices",
                "default_action": "Allow",
                "ip_rules": [],
                "virtual_network_subnet_ids": []
              }
            ],
            "public_network_access_enabled": true,
            "purge_protection_enabled": false,
            "resource_group_name": "bsc-resourcegroup",
            "sku_name": "standard",
            "soft_delete_retention_days": 7,
            "tags": {
              "department": "finance",
              "environment": "dev",
              "purpose": "Key Vault",
              "source": "terraform"
            },
            "tenant_id": "e4eb247f-d627-40d9-910c-ca93c1d0c406",
            "timeouts": null,
            "vault_uri": "https://js-development-keyvault.vault.azure.net/"
          },
          "sensitive_attributes": [],
          "private": "eyJlMmJmYjczMC1lY2FhLTExZTYtOGY4OC0zNDM2M2JjN2M0YzAiOnsiY3JlYXRlIjoxODAwMDAwMDAwMDAwLCJkZWxldGUiOjE4MDAwMDAwMDAwMDAsInJlYWQiOjMwMDAwMDAwMDAwMCwidXBkYXRlIjoxODAwMDAwMDAwMDAwfSwic2NoZW1hX3ZlcnNpb24iOiIyIn0=",
          "dependencies": [
            "data.azurerm_client_config.current"
          ]
        }
      ]
    },
    {
      "mode": "managed",
      "type": "azurerm_linux_virtual_machine",
      "name": "linux-virtual-machine",
      "provider": "provider[\"registry.terraform.io/hashicorp/azurerm\"]",
      "instances": []
    },
    {
      "mode": "managed",
      "type": "azurerm_log_analytics_workspace",
      "name": "bsc_oms",
      "provider": "provider[\"registry.terraform.io/hashicorp/azurerm\"]",
      "instances": [
        {
          "schema_version": 2,
          "attributes": {
            "cmk_for_query_forced": false,
            "daily_quota_gb": -1,
            "id": "/subscriptions/279b419c-5ad7-43b5-8421-182367bfc19b/resourceGroups/bsc-resourcegroup/providers/Microsoft.OperationalInsights/workspaces/npe-devevlopment-loganalytics",
            "internet_ingestion_enabled": true,
            "internet_query_enabled": true,
            "location": "eastus",
            "name": "npe-devevlopment-loganalytics",
            "primary_shared_key": "51rtl09vMI2MvhUUmkE657eGDw3XgeBSguvsxAnLvjnLC8074ANM2xZxYjA6K0bIughq/k2Iovi8PJQXqUDmow==",
            "reservation_capacity_in_gb_per_day": null,
            "resource_group_name": "bsc-resourcegroup",
            "retention_in_days": 30,
            "secondary_shared_key": "hDKgVI6QIL4EwC9c2vhRIy790P5MOEPtLdh1IRCICdvbLSHanWzB0MEwSDaVmqWjl2frXwY2IqaE7guC7OvrPQ==",
            "sku": "PerGB2018",
            "tags": {
              "department": "finance",
              "environment": "dev",
              "purpose": "log analytics workspace",
              "source": "terraform"
            },
            "timeouts": null,
            "workspace_id": "db2a519c-1d5b-4b82-8de7-bcc11472e81c"
          },
          "sensitive_attributes": [],
          "private": "eyJlMmJmYjczMC1lY2FhLTExZTYtOGY4OC0zNDM2M2JjN2M0YzAiOnsiY3JlYXRlIjoxODAwMDAwMDAwMDAwLCJkZWxldGUiOjE4MDAwMDAwMDAwMDAsInJlYWQiOjMwMDAwMDAwMDAwMCwidXBkYXRlIjoxODAwMDAwMDAwMDAwfSwic2NoZW1hX3ZlcnNpb24iOiIyIn0="
        }
      ]
    },
    {
      "mode": "managed",
      "type": "azurerm_resource_group",
      "name": "js_resource_group",
      "provider": "provider[\"registry.terraform.io/hashicorp/azurerm\"]",
      "instances": [
        {
          "schema_version": 0,
          "attributes": {
            "id": "/subscriptions/279b419c-5ad7-43b5-8421-182367bfc19b/resourceGroups/bsc-resourcegroup",
            "location": "eastus",
            "name": "bsc-resourcegroup",
            "tags": {
              "department": "finance",
              "environment": "dev",
              "purpose": "Resoursegroup",
              "source": "terraform"
            },
            "timeouts": null
          },
          "sensitive_attributes": [],
          "private": "eyJlMmJmYjczMC1lY2FhLTExZTYtOGY4OC0zNDM2M2JjN2M0YzAiOnsiY3JlYXRlIjo1NDAwMDAwMDAwMDAwLCJkZWxldGUiOjU0MDAwMDAwMDAwMDAsInJlYWQiOjMwMDAwMDAwMDAwMCwidXBkYXRlIjo1NDAwMDAwMDAwMDAwfX0="
        }
      ]
    },
    {
      "mode": "managed",
      "type": "azurerm_role_assignment",
      "name": "example_storage_account_contrib",
      "provider": "provider[\"registry.terraform.io/hashicorp/azurerm\"]",
      "instances": [
        {
          "schema_version": 0,
          "attributes": {
            "condition": "",
            "condition_version": "",
            "delegated_managed_identity_resource_id": "",
            "description": "",
            "id": "/subscriptions/279b419c-5ad7-43b5-8421-182367bfc19b/resourceGroups/bsc-resourcegroup/providers/Microsoft.Storage/storageAccounts/examplestorageaccountjs/providers/Microsoft.Authorization/roleAssignments/7f453d8a-f0cc-f458-2762-644016a88c51",
            "name": "7f453d8a-f0cc-f458-2762-644016a88c51",
            "principal_id": "e88f7a5d-1f34-4bc3-80a8-f404d1554b71",
            "principal_type": "ServicePrincipal",
            "role_definition_id": "/subscriptions/279b419c-5ad7-43b5-8421-182367bfc19b/providers/Microsoft.Authorization/roleDefinitions/17d1049b-9a84-46fb-8f53-869881c3d3ab",
            "role_definition_name": "Storage Account Contributor",
            "scope": "/subscriptions/279b419c-5ad7-43b5-8421-182367bfc19b/resourceGroups/bsc-resourcegroup/providers/Microsoft.Storage/storageAccounts/examplestorageaccountjs",
            "skip_service_principal_aad_check": null,
            "timeouts": null
          },
          "sensitive_attributes": [],
          "private": "eyJlMmJmYjczMC1lY2FhLTExZTYtOGY4OC0zNDM2M2JjN2M0YzAiOnsiY3JlYXRlIjoxODAwMDAwMDAwMDAwLCJkZWxldGUiOjE4MDAwMDAwMDAwMDAsInJlYWQiOjMwMDAwMDAwMDAwMCwidXBkYXRlIjoxODAwMDAwMDAwMDAwfX0=",
          "dependencies": [
            "azurerm_storage_account.addl",
            "azurerm_storage_data_lake_gen2_filesystem.addlfs",
            "azurerm_synapse_workspace.syn-ws"
          ]
        }
      ]
    },
    {
      "mode": "managed",
      "type": "azurerm_sql_database",
      "name": "sqldatabase",
      "provider": "provider[\"registry.terraform.io/hashicorp/azurerm\"]",
      "instances": [
        {
          "schema_version": 0,
          "attributes": {
            "collation": "SQL_Latin1_General_CP1_CI_AS",
            "create_mode": "Default",
            "creation_date": "2022-10-17T16:31:23.477Z",
            "default_secondary_location": "West US",
            "edition": "Standard",
            "elastic_pool_name": "",
            "encryption": "",
            "id": "/subscriptions/279b419c-5ad7-43b5-8421-182367bfc19b/resourceGroups/bsc-resourcegroup/providers/Microsoft.Sql/servers/dmeosqlserver0071/databases/universaldb",
            "import": [],
            "location": "eastus",
            "max_size_bytes": "268435456000",
            "max_size_gb": null,
            "name": "universaldb",
            "read_scale": false,
            "requested_service_objective_id": "f1173c43-91bd-4aaa-973c-54e79e15235b",
            "requested_service_objective_name": "S0",
            "resource_group_name": "bsc-resourcegroup",
            "restore_point_in_time": null,
            "server_name": "dmeosqlserver0071",
            "source_database_deletion_date": null,
            "source_database_id": null,
            "tags": {
              "department": "finance",
              "environment": "dev",
              "purpose": "sql database",
              "source": "terraform"
            },
            "threat_detection_policy": [
              {
                "disabled_alerts": [],
                "email_account_admins": "Disabled",
                "email_addresses": [],
                "retention_days": 0,
                "state": "Disabled",
                "storage_account_access_key": "",
                "storage_endpoint": ""
              }
            ],
            "timeouts": null,
            "zone_redundant": false
          },
          "sensitive_attributes": [],
          "private": "eyJlMmJmYjczMC1lY2FhLTExZTYtOGY4OC0zNDM2M2JjN2M0YzAiOnsiY3JlYXRlIjozNjAwMDAwMDAwMDAwLCJkZWxldGUiOjM2MDAwMDAwMDAwMDAsInJlYWQiOjMwMDAwMDAwMDAwMCwidXBkYXRlIjozNjAwMDAwMDAwMDAwfX0=",
          "dependencies": [
            "azurerm_sql_server.sqlserver"
          ]
        }
      ]
    },
    {
      "mode": "managed",
      "type": "azurerm_sql_server",
      "name": "sqlserver",
      "provider": "provider[\"registry.terraform.io/hashicorp/azurerm\"]",
      "instances": [
        {
          "schema_version": 0,
          "attributes": {
            "administrator_login": "mradministrator",
            "administrator_login_password": "thisIsDog11",
            "connection_policy": "Default",
            "fully_qualified_domain_name": "dmeosqlserver0071.database.windows.net",
            "id": "/subscriptions/279b419c-5ad7-43b5-8421-182367bfc19b/resourceGroups/bsc-resourcegroup/providers/Microsoft.Sql/servers/dmeosqlserver0071",
            "identity": [],
            "location": "eastus",
            "name": "dmeosqlserver0071",
            "resource_group_name": "bsc-resourcegroup",
            "tags": {
              "department": "finance",
              "environment": "dev",
              "purpose": "sql server",
              "source": "terraform"
            },
            "threat_detection_policy": [
              {
                "disabled_alerts": [
                  ""
                ],
                "email_account_admins": false,
                "email_addresses": [
                  ""
                ],
                "retention_days": 0,
                "state": "Disabled",
                "storage_account_access_key": "",
                "storage_endpoint": ""
              }
            ],
            "timeouts": null,
            "version": "12.0"
          },
          "sensitive_attributes": [],
          "private": "eyJlMmJmYjczMC1lY2FhLTExZTYtOGY4OC0zNDM2M2JjN2M0YzAiOnsiY3JlYXRlIjozNjAwMDAwMDAwMDAwLCJkZWxldGUiOjM2MDAwMDAwMDAwMDAsInJlYWQiOjMwMDAwMDAwMDAwMCwidXBkYXRlIjozNjAwMDAwMDAwMDAwfX0="
        }
      ]
    },
    {
      "mode": "managed",
      "type": "azurerm_storage_account",
      "name": "addl",
      "provider": "provider[\"registry.terraform.io/hashicorp/azurerm\"]",
      "instances": [
        {
          "schema_version": 3,
          "attributes": {
            "access_tier": "Hot",
            "account_kind": "StorageV2",
            "account_replication_type": "LRS",
            "account_tier": "Standard",
            "allow_nested_items_to_be_public": true,
            "azure_files_authentication": [],
            "blob_properties": [
              {
                "change_feed_enabled": false,
                "change_feed_retention_in_days": 0,
                "container_delete_retention_policy": [],
                "cors_rule": [],
                "default_service_version": "",
                "delete_retention_policy": [],
                "last_access_time_enabled": false,
                "versioning_enabled": false
              }
            ],
            "cross_tenant_replication_enabled": true,
            "custom_domain": [],
            "customer_managed_key": [],
            "default_to_oauth_authentication": false,
            "edge_zone": "",
            "enable_https_traffic_only": true,
            "id": "/subscriptions/279b419c-5ad7-43b5-8421-182367bfc19b/resourceGroups/bsc-resourcegroup/providers/Microsoft.Storage/storageAccounts/examplestorageaccountjs",
            "identity": [],
            "infrastructure_encryption_enabled": false,
            "is_hns_enabled": true,
            "large_file_share_enabled": null,
            "location": "eastus",
            "min_tls_version": "TLS1_2",
            "name": "examplestorageaccountjs",
            "network_rules": [
              {
                "bypass": [
                  "AzureServices"
                ],
                "default_action": "Allow",
                "ip_rules": [],
                "private_link_access": [],
                "virtual_network_subnet_ids": []
              }
            ],
            "nfsv3_enabled": false,
            "primary_access_key": "WS8lZ0wQ0zEZ2O8VRAnqYqtLYRQ7jE41NljkVIqJ2MwNSy2xKD7Q66Pf44LwtqMt/CC6NiijI7DI+AStee6urg==",
            "primary_blob_connection_string": "DefaultEndpointsProtocol=https;BlobEndpoint=https://examplestorageaccountjs.blob.core.windows.net/;AccountName=examplestorageaccountjs;AccountKey=WS8lZ0wQ0zEZ2O8VRAnqYqtLYRQ7jE41NljkVIqJ2MwNSy2xKD7Q66Pf44LwtqMt/CC6NiijI7DI+AStee6urg==",
            "primary_blob_endpoint": "https://examplestorageaccountjs.blob.core.windows.net/",
            "primary_blob_host": "examplestorageaccountjs.blob.core.windows.net",
            "primary_connection_string": "DefaultEndpointsProtocol=https;AccountName=examplestorageaccountjs;AccountKey=WS8lZ0wQ0zEZ2O8VRAnqYqtLYRQ7jE41NljkVIqJ2MwNSy2xKD7Q66Pf44LwtqMt/CC6NiijI7DI+AStee6urg==;EndpointSuffix=core.windows.net",
            "primary_dfs_endpoint": "https://examplestorageaccountjs.dfs.core.windows.net/",
            "primary_dfs_host": "examplestorageaccountjs.dfs.core.windows.net",
            "primary_file_endpoint": "https://examplestorageaccountjs.file.core.windows.net/",
            "primary_file_host": "examplestorageaccountjs.file.core.windows.net",
            "primary_location": "eastus",
            "primary_queue_endpoint": "https://examplestorageaccountjs.queue.core.windows.net/",
            "primary_queue_host": "examplestorageaccountjs.queue.core.windows.net",
            "primary_table_endpoint": "https://examplestorageaccountjs.table.core.windows.net/",
            "primary_table_host": "examplestorageaccountjs.table.core.windows.net",
            "primary_web_endpoint": "https://examplestorageaccountjs.z13.web.core.windows.net/",
            "primary_web_host": "examplestorageaccountjs.z13.web.core.windows.net",
            "public_network_access_enabled": true,
            "queue_encryption_key_type": "Service",
            "queue_properties": [
              {
                "cors_rule": [],
                "hour_metrics": [
                  {
                    "enabled": true,
                    "include_apis": true,
                    "retention_policy_days": 7,
                    "version": "1.0"
                  }
                ],
                "logging": [
                  {
                    "delete": false,
                    "read": false,
                    "retention_policy_days": 0,
                    "version": "1.0",
                    "write": false
                  }
                ],
                "minute_metrics": [
                  {
                    "enabled": false,
                    "include_apis": false,
                    "retention_policy_days": 0,
                    "version": "1.0"
                  }
                ]
              }
            ],
            "resource_group_name": "bsc-resourcegroup",
            "routing": [],
            "secondary_access_key": "Ph6A9XhCYdXeiZjhFd/vq0giiAI/o53rzzTNCC2Ihypr4PoUTSfzUwFm2EsBiNyD90PMMCYM/z4T+AStuBZtZg==",
            "secondary_blob_connection_string": "",
            "secondary_blob_endpoint": null,
            "secondary_blob_host": null,
            "secondary_connection_string": "DefaultEndpointsProtocol=https;AccountName=examplestorageaccountjs;AccountKey=Ph6A9XhCYdXeiZjhFd/vq0giiAI/o53rzzTNCC2Ihypr4PoUTSfzUwFm2EsBiNyD90PMMCYM/z4T+AStuBZtZg==;EndpointSuffix=core.windows.net",
            "secondary_dfs_endpoint": null,
            "secondary_dfs_host": null,
            "secondary_file_endpoint": null,
            "secondary_file_host": null,
            "secondary_location": "",
            "secondary_queue_endpoint": null,
            "secondary_queue_host": null,
            "secondary_table_endpoint": null,
            "secondary_table_host": null,
            "secondary_web_endpoint": null,
            "secondary_web_host": null,
            "share_properties": [
              {
                "cors_rule": [],
                "retention_policy": [
                  {
                    "days": 7
                  }
                ],
                "smb": []
              }
            ],
            "shared_access_key_enabled": true,
            "static_website": [],
            "table_encryption_key_type": "Service",
            "tags": {},
            "timeouts": null
          },
          "sensitive_attributes": [],
          "private": "eyJlMmJmYjczMC1lY2FhLTExZTYtOGY4OC0zNDM2M2JjN2M0YzAiOnsiY3JlYXRlIjozNjAwMDAwMDAwMDAwLCJkZWxldGUiOjM2MDAwMDAwMDAwMDAsInJlYWQiOjMwMDAwMDAwMDAwMCwidXBkYXRlIjozNjAwMDAwMDAwMDAwfSwic2NoZW1hX3ZlcnNpb24iOiIzIn0="
        }
      ]
    },
    {
      "mode": "managed",
      "type": "azurerm_storage_account",
      "name": "stgaccount",
      "provider": "provider[\"registry.terraform.io/hashicorp/azurerm\"]",
      "instances": [
        {
          "schema_version": 3,
          "attributes": {
            "access_tier": "Hot",
            "account_kind": "StorageV2",
            "account_replication_type": "LRS",
            "account_tier": "Standard",
            "allow_nested_items_to_be_public": true,
            "azure_files_authentication": [],
            "blob_properties": [
              {
                "change_feed_enabled": false,
                "change_feed_retention_in_days": 0,
                "container_delete_retention_policy": [],
                "cors_rule": [],
                "default_service_version": "",
                "delete_retention_policy": [],
                "last_access_time_enabled": false,
                "versioning_enabled": false
              }
            ],
            "cross_tenant_replication_enabled": true,
            "custom_domain": [],
            "customer_managed_key": [],
            "default_to_oauth_authentication": false,
            "edge_zone": "",
            "enable_https_traffic_only": true,
            "id": "/subscriptions/279b419c-5ad7-43b5-8421-182367bfc19b/resourceGroups/bsc-resourcegroup/providers/Microsoft.Storage/storageAccounts/stgaccount0071",
            "identity": [],
            "infrastructure_encryption_enabled": false,
            "is_hns_enabled": false,
            "large_file_share_enabled": null,
            "location": "eastus",
            "min_tls_version": "TLS1_2",
            "name": "stgaccount0071",
            "network_rules": [
              {
                "bypass": [
                  "AzureServices"
                ],
                "default_action": "Allow",
                "ip_rules": [],
                "private_link_access": [],
                "virtual_network_subnet_ids": []
              }
            ],
            "nfsv3_enabled": false,
            "primary_access_key": "LPh/pX8r7OMjzuZ7TflhaQZMdr3NYrzXB5HCq96ZRMpu3VeTScXrrLgCh6uY/b41sPuSZyHFUWQ0+AStQwm+OA==",
            "primary_blob_connection_string": "DefaultEndpointsProtocol=https;BlobEndpoint=https://stgaccount0071.blob.core.windows.net/;AccountName=stgaccount0071;AccountKey=LPh/pX8r7OMjzuZ7TflhaQZMdr3NYrzXB5HCq96ZRMpu3VeTScXrrLgCh6uY/b41sPuSZyHFUWQ0+AStQwm+OA==",
            "primary_blob_endpoint": "https://stgaccount0071.blob.core.windows.net/",
            "primary_blob_host": "stgaccount0071.blob.core.windows.net",
            "primary_connection_string": "DefaultEndpointsProtocol=https;AccountName=stgaccount0071;AccountKey=LPh/pX8r7OMjzuZ7TflhaQZMdr3NYrzXB5HCq96ZRMpu3VeTScXrrLgCh6uY/b41sPuSZyHFUWQ0+AStQwm+OA==;EndpointSuffix=core.windows.net",
            "primary_dfs_endpoint": "https://stgaccount0071.dfs.core.windows.net/",
            "primary_dfs_host": "stgaccount0071.dfs.core.windows.net",
            "primary_file_endpoint": "https://stgaccount0071.file.core.windows.net/",
            "primary_file_host": "stgaccount0071.file.core.windows.net",
            "primary_location": "eastus",
            "primary_queue_endpoint": "https://stgaccount0071.queue.core.windows.net/",
            "primary_queue_host": "stgaccount0071.queue.core.windows.net",
            "primary_table_endpoint": "https://stgaccount0071.table.core.windows.net/",
            "primary_table_host": "stgaccount0071.table.core.windows.net",
            "primary_web_endpoint": "https://stgaccount0071.z13.web.core.windows.net/",
            "primary_web_host": "stgaccount0071.z13.web.core.windows.net",
            "public_network_access_enabled": true,
            "queue_encryption_key_type": "Service",
            "queue_properties": [
              {
                "cors_rule": [],
                "hour_metrics": [
                  {
                    "enabled": true,
                    "include_apis": true,
                    "retention_policy_days": 7,
                    "version": "1.0"
                  }
                ],
                "logging": [
                  {
                    "delete": false,
                    "read": false,
                    "retention_policy_days": 0,
                    "version": "1.0",
                    "write": false
                  }
                ],
                "minute_metrics": [
                  {
                    "enabled": false,
                    "include_apis": false,
                    "retention_policy_days": 0,
                    "version": "1.0"
                  }
                ]
              }
            ],
            "resource_group_name": "bsc-resourcegroup",
            "routing": [],
            "secondary_access_key": "IXrL8eDM6vTIxMjrptPpkmUVDB8KIUZ0cOgdlSbaNViuYRRgDeTyCh/B28E/2ccYAW1WP4X2fTEJ+AStg9GwAA==",
            "secondary_blob_connection_string": "",
            "secondary_blob_endpoint": null,
            "secondary_blob_host": null,
            "secondary_connection_string": "DefaultEndpointsProtocol=https;AccountName=stgaccount0071;AccountKey=IXrL8eDM6vTIxMjrptPpkmUVDB8KIUZ0cOgdlSbaNViuYRRgDeTyCh/B28E/2ccYAW1WP4X2fTEJ+AStg9GwAA==;EndpointSuffix=core.windows.net",
            "secondary_dfs_endpoint": null,
            "secondary_dfs_host": null,
            "secondary_file_endpoint": null,
            "secondary_file_host": null,
            "secondary_location": "",
            "secondary_queue_endpoint": null,
            "secondary_queue_host": null,
            "secondary_table_endpoint": null,
            "secondary_table_host": null,
            "secondary_web_endpoint": null,
            "secondary_web_host": null,
            "share_properties": [
              {
                "cors_rule": [],
                "retention_policy": [
                  {
                    "days": 7
                  }
                ],
                "smb": []
              }
            ],
            "shared_access_key_enabled": true,
            "static_website": [],
            "table_encryption_key_type": "Service",
            "tags": {},
            "timeouts": null
          },
          "sensitive_attributes": [],
          "private": "eyJlMmJmYjczMC1lY2FhLTExZTYtOGY4OC0zNDM2M2JjN2M0YzAiOnsiY3JlYXRlIjozNjAwMDAwMDAwMDAwLCJkZWxldGUiOjM2MDAwMDAwMDAwMDAsInJlYWQiOjMwMDAwMDAwMDAwMCwidXBkYXRlIjozNjAwMDAwMDAwMDAwfSwic2NoZW1hX3ZlcnNpb24iOiIzIn0="
        }
      ]
    },
    {
      "mode": "managed",
      "type": "azurerm_storage_data_lake_gen2_filesystem",
      "name": "addlfs",
      "provider": "provider[\"registry.terraform.io/hashicorp/azurerm\"]",
      "instances": [
        {
          "schema_version": 0,
          "attributes": {
            "ace": [
              {
                "id": "",
                "permissions": "---",
                "scope": "access",
                "type": "other"
              },
              {
                "id": "",
                "permissions": "r-x",
                "scope": "access",
                "type": "group"
              },
              {
                "id": "",
                "permissions": "rwx",
                "scope": "access",
                "type": "user"
              }
            ],
            "group": "2a55cfe9-8660-40c4-8b69-6a08cedfe6b8",
            "id": "https://examplestorageaccountjs.dfs.core.windows.net/bsc-resourcegroup",
            "name": "bsc-resourcegroup",
            "owner": "2a55cfe9-8660-40c4-8b69-6a08cedfe6b8",
            "properties": {},
            "storage_account_id": "/subscriptions/279b419c-5ad7-43b5-8421-182367bfc19b/resourceGroups/bsc-resourcegroup/providers/Microsoft.Storage/storageAccounts/examplestorageaccountjs",
            "timeouts": null
          },
          "sensitive_attributes": [],
          "private": "eyJlMmJmYjczMC1lY2FhLTExZTYtOGY4OC0zNDM2M2JjN2M0YzAiOnsiY3JlYXRlIjoxODAwMDAwMDAwMDAwLCJkZWxldGUiOjE4MDAwMDAwMDAwMDAsInJlYWQiOjMwMDAwMDAwMDAwMCwidXBkYXRlIjoxODAwMDAwMDAwMDAwfX0=",
          "dependencies": [
            "azurerm_storage_account.addl"
          ]
        }
      ]
    },
    {
      "mode": "managed",
      "type": "azurerm_synapse_firewall_rule",
      "name": "synapse-firewall-rule",
      "provider": "provider[\"registry.terraform.io/hashicorp/azurerm\"]",
      "instances": [
        {
          "schema_version": 0,
          "attributes": {
            "end_ip_address": "99.48.52.163",
            "id": "/subscriptions/279b419c-5ad7-43b5-8421-182367bfc19b/resourceGroups/bsc-resourcegroup/providers/Microsoft.Synapse/workspaces/syn-prod-workspace-99/firewallRules/AllowAll",
            "name": "AllowAll",
            "start_ip_address": "99.48.52.163",
            "synapse_workspace_id": "/subscriptions/279b419c-5ad7-43b5-8421-182367bfc19b/resourceGroups/bsc-resourcegroup/providers/Microsoft.Synapse/workspaces/syn-prod-workspace-99",
            "timeouts": null
          },
          "sensitive_attributes": [],
          "private": "eyJlMmJmYjczMC1lY2FhLTExZTYtOGY4OC0zNDM2M2JjN2M0YzAiOnsiY3JlYXRlIjoxODAwMDAwMDAwMDAwLCJkZWxldGUiOjE4MDAwMDAwMDAwMDAsInJlYWQiOjMwMDAwMDAwMDAwMCwidXBkYXRlIjoxODAwMDAwMDAwMDAwfX0=",
          "dependencies": [
            "azurerm_storage_account.addl",
            "azurerm_storage_data_lake_gen2_filesystem.addlfs",
            "azurerm_synapse_workspace.syn-ws"
          ]
        }
      ]
    },
    {
      "mode": "managed",
      "type": "azurerm_synapse_role_assignment",
      "name": "synapse-role-assignment",
      "provider": "provider[\"registry.terraform.io/hashicorp/azurerm\"]",
      "instances": [
        {
          "schema_version": 1,
          "attributes": {
            "id": "/subscriptions/279b419c-5ad7-43b5-8421-182367bfc19b/resourceGroups/bsc-resourcegroup/providers/Microsoft.Synapse/workspaces/syn-prod-workspace-99|b9c64358-11cc-9c00-f16b-c1ee3d2c02ae",
            "principal_id": "2a55cfe9-8660-40c4-8b69-6a08cedfe6b8",
            "role_name": "Synapse Contributor",
            "synapse_spark_pool_id": "",
            "synapse_workspace_id": "/subscriptions/279b419c-5ad7-43b5-8421-182367bfc19b/resourceGroups/bsc-resourcegroup/providers/Microsoft.Synapse/workspaces/syn-prod-workspace-99",
            "timeouts": null
          },
          "sensitive_attributes": [],
          "private": "eyJlMmJmYjczMC1lY2FhLTExZTYtOGY4OC0zNDM2M2JjN2M0YzAiOnsiY3JlYXRlIjoxODAwMDAwMDAwMDAwLCJkZWxldGUiOjE4MDAwMDAwMDAwMDAsInJlYWQiOjMwMDAwMDAwMDAwMH0sInNjaGVtYV92ZXJzaW9uIjoiMSJ9",
          "dependencies": [
            "azurerm_storage_account.addl",
            "azurerm_storage_data_lake_gen2_filesystem.addlfs",
            "azurerm_synapse_firewall_rule.synapse-firewall-rule",
            "azurerm_synapse_workspace.syn-ws",
            "data.azurerm_client_config.current"
          ]
        }
      ]
    },
    {
      "mode": "managed",
      "type": "azurerm_synapse_spark_pool",
      "name": "synapse-spark-pool",
      "provider": "provider[\"registry.terraform.io/hashicorp/azurerm\"]",
      "instances": [
        {
          "schema_version": 0,
          "attributes": {
            "auto_pause": [
              {
                "delay_in_minutes": 15
              }
            ],
            "auto_scale": [
              {
                "max_node_count": 50,
                "min_node_count": 3
              }
            ],
            "cache_size": 100,
            "compute_isolation_enabled": false,
            "dynamic_executor_allocation_enabled": false,
            "id": "/subscriptions/279b419c-5ad7-43b5-8421-182367bfc19b/resourceGroups/bsc-resourcegroup/providers/Microsoft.Synapse/workspaces/syn-prod-workspace-99/bigDataPools/sprkpoolbig001",
            "library_requirement": [
              {
                "content": "appnope==0.1.0\r\nbeautifulsoup4==4.6.3\r\n",
                "filename": "requirements.txt"
              }
            ],
            "name": "sprkpoolbig001",
            "node_count": 0,
            "node_size": "Small",
            "node_size_family": "MemoryOptimized",
            "session_level_packages_enabled": false,
            "spark_config": [
              {
                "content": "spark.shuffle.spill                true\r\n",
                "filename": "config.txt"
              }
            ],
            "spark_events_folder": "/events",
            "spark_log_folder": "/logs",
            "spark_version": "2.4",
            "synapse_workspace_id": "/subscriptions/279b419c-5ad7-43b5-8421-182367bfc19b/resourceGroups/bsc-resourcegroup/providers/Microsoft.Synapse/workspaces/syn-prod-workspace-99",
            "tags": {
              "department": "finance",
              "environment": "dev",
              "purpose": "synapse spark pool",
              "source": "terraform"
            },
            "timeouts": null
          },
          "sensitive_attributes": [],
          "private": "eyJlMmJmYjczMC1lY2FhLTExZTYtOGY4OC0zNDM2M2JjN2M0YzAiOnsiY3JlYXRlIjoxODAwMDAwMDAwMDAwLCJkZWxldGUiOjE4MDAwMDAwMDAwMDAsInJlYWQiOjMwMDAwMDAwMDAwMCwidXBkYXRlIjoxODAwMDAwMDAwMDAwfX0=",
          "dependencies": [
            "azurerm_storage_account.addl",
            "azurerm_storage_data_lake_gen2_filesystem.addlfs",
            "azurerm_synapse_workspace.syn-ws"
          ]
        }
      ]
    },
    {
      "mode": "managed",
      "type": "azurerm_synapse_sql_pool",
      "name": "synapse-sql-pool",
      "provider": "provider[\"registry.terraform.io/hashicorp/azurerm\"]",
      "instances": [
        {
          "schema_version": 0,
          "attributes": {
            "collation": "SQL_Latin1_General_CP1_CI_AS",
            "create_mode": "Default",
            "data_encrypted": false,
            "id": "/subscriptions/279b419c-5ad7-43b5-8421-182367bfc19b/resourceGroups/bsc-resourcegroup/providers/Microsoft.Synapse/workspaces/syn-prod-workspace-99/sqlPools/syn_dedicatedsql1",
            "name": "syn_dedicatedsql1",
            "recovery_database_id": null,
            "restore": [],
            "sku_name": "DW100c",
            "synapse_workspace_id": "/subscriptions/279b419c-5ad7-43b5-8421-182367bfc19b/resourceGroups/bsc-resourcegroup/providers/Microsoft.Synapse/workspaces/syn-prod-workspace-99",
            "tags": {},
            "timeouts": null
          },
          "sensitive_attributes": [],
          "private": "eyJlMmJmYjczMC1lY2FhLTExZTYtOGY4OC0zNDM2M2JjN2M0YzAiOnsiY3JlYXRlIjoxODAwMDAwMDAwMDAwLCJkZWxldGUiOjE4MDAwMDAwMDAwMDAsInJlYWQiOjMwMDAwMDAwMDAwMCwidXBkYXRlIjoxODAwMDAwMDAwMDAwfX0=",
          "dependencies": [
            "azurerm_storage_data_lake_gen2_filesystem.addlfs",
            "azurerm_synapse_workspace.syn-ws"
          ]
        }
      ]
    },
    {
      "mode": "managed",
      "type": "azurerm_synapse_workspace",
      "name": "syn-ws",
      "provider": "provider[\"registry.terraform.io/hashicorp/azurerm\"]",
      "instances": [
        {
          "schema_version": 0,
          "attributes": {
            "aad_admin": [
              {
                "login": "AzureAD Admin",
                "object_id": "2a55cfe9-8660-40c4-8b69-6a08cedfe6b8",
                "tenant_id": "e4eb247f-d627-40d9-910c-ca93c1d0c406"
              }
            ],
            "azure_devops_repo": [],
            "compute_subnet_id": null,
            "connectivity_endpoints": {
              "dev": "https://syn-prod-workspace-99.dev.azuresynapse.net",
              "sql": "syn-prod-workspace-99.sql.azuresynapse.net",
              "sqlOnDemand": "syn-prod-workspace-99-ondemand.sql.azuresynapse.net",
              "web": "https://web.azuresynapse.net?workspace=%2fsubscriptions%2f279b419c-5ad7-43b5-8421-182367bfc19b%2fresourceGroups%2fbsc-resourcegroup%2fproviders%2fMicrosoft.Synapse%2fworkspaces%2fsyn-prod-workspace-99"
            },
            "customer_managed_key": [],
            "data_exfiltration_protection_enabled": null,
            "github_repo": [],
            "id": "/subscriptions/279b419c-5ad7-43b5-8421-182367bfc19b/resourceGroups/bsc-resourcegroup/providers/Microsoft.Synapse/workspaces/syn-prod-workspace-99",
            "identity": [
              {
                "principal_id": "e88f7a5d-1f34-4bc3-80a8-f404d1554b71",
                "tenant_id": "e4eb247f-d627-40d9-910c-ca93c1d0c406",
                "type": "SystemAssigned"
              }
            ],
            "linking_allowed_for_aad_tenant_ids": null,
            "location": "eastus",
            "managed_resource_group_name": "synapseworkspace-managedrg-72775594-827d-4aef-9230-02f25cdc7936",
            "managed_virtual_network_enabled": false,
            "name": "syn-prod-workspace-99",
            "public_network_access_enabled": true,
            "purview_id": null,
            "resource_group_name": "bsc-resourcegroup",
            "sql_aad_admin": [
              {
                "login": "AzureAD Admin",
                "object_id": "2a55cfe9-8660-40c4-8b69-6a08cedfe6b8",
                "tenant_id": "e4eb247f-d627-40d9-910c-ca93c1d0c406"
              }
            ],
            "sql_administrator_login": "sqladminuser",
            "sql_administrator_login_password": "H@Sh1CoR3!",
            "sql_identity_control_enabled": true,
            "storage_data_lake_gen2_filesystem_id": "https://examplestorageaccountjs.dfs.core.windows.net/bsc-resourcegroup",
            "tags": {
              "department": "finance",
              "environment": "dev",
              "purpose": "synapse workspace",
              "source": "terraform"
            },
            "timeouts": null
          },
          "sensitive_attributes": [],
          "private": "eyJlMmJmYjczMC1lY2FhLTExZTYtOGY4OC0zNDM2M2JjN2M0YzAiOnsiY3JlYXRlIjoxODAwMDAwMDAwMDAwLCJkZWxldGUiOjE4MDAwMDAwMDAwMDAsInJlYWQiOjMwMDAwMDAwMDAwMCwidXBkYXRlIjoxODAwMDAwMDAwMDAwfX0=",
          "dependencies": [
            "azurerm_storage_account.addl",
            "azurerm_storage_data_lake_gen2_filesystem.addlfs"
          ]
        }
      ]
    },
    {
      "mode": "managed",
      "type": "azurerm_synapse_workspace_sql_aad_admin",
      "name": "syn-ws-aad",
      "provider": "provider[\"registry.terraform.io/hashicorp/azurerm\"]",
      "instances": [
        {
          "schema_version": 0,
          "attributes": {
            "id": "/subscriptions/279b419c-5ad7-43b5-8421-182367bfc19b/resourceGroups/bsc-resourcegroup/providers/Microsoft.Synapse/workspaces/syn-prod-workspace-99/sqlAdministrators/activeDirectory",
            "login": "AzureAD Admin",
            "object_id": "2a55cfe9-8660-40c4-8b69-6a08cedfe6b8",
            "synapse_workspace_id": "/subscriptions/279b419c-5ad7-43b5-8421-182367bfc19b/resourceGroups/bsc-resourcegroup/providers/Microsoft.Synapse/workspaces/syn-prod-workspace-99",
            "tenant_id": "e4eb247f-d627-40d9-910c-ca93c1d0c406",
            "timeouts": null
          },
          "sensitive_attributes": [],
          "private": "eyJlMmJmYjczMC1lY2FhLTExZTYtOGY4OC0zNDM2M2JjN2M0YzAiOnsiY3JlYXRlIjoxODAwMDAwMDAwMDAwLCJkZWxldGUiOjE4MDAwMDAwMDAwMDAsInJlYWQiOjMwMDAwMDAwMDAwMCwidXBkYXRlIjoxODAwMDAwMDAwMDAwfX0=",
          "dependencies": [
            "azurerm_storage_account.addl",
            "azurerm_storage_data_lake_gen2_filesystem.addlfs",
            "azurerm_synapse_workspace.syn-ws",
            "data.azurerm_client_config.current"
          ]
        }
      ]
    },
    {
      "mode": "managed",
      "type": "azurerm_user_assigned_identity",
      "name": "user-assigned-identity",
      "provider": "provider[\"registry.terraform.io/hashicorp/azurerm\"]",
      "instances": [
        {
          "schema_version": 1,
          "attributes": {
            "client_id": "1f9c212e-33f4-4339-b771-b7c96a10d808",
            "id": "/subscriptions/279b419c-5ad7-43b5-8421-182367bfc19b/resourceGroups/bsc-resourcegroup/providers/Microsoft.ManagedIdentity/userAssignedIdentities/syn-workspace-identity",
            "location": "eastus",
            "name": "syn-workspace-identity",
            "principal_id": "a5fe4daf-c616-4b77-bec4-372e18226a73",
            "resource_group_name": "bsc-resourcegroup",
            "tags": {},
            "tenant_id": "e4eb247f-d627-40d9-910c-ca93c1d0c406",
            "timeouts": null
          },
          "sensitive_attributes": [],
          "private": "eyJlMmJmYjczMC1lY2FhLTExZTYtOGY4OC0zNDM2M2JjN2M0YzAiOnsiY3JlYXRlIjoxODAwMDAwMDAwMDAwLCJkZWxldGUiOjE4MDAwMDAwMDAwMDAsInJlYWQiOjMwMDAwMDAwMDAwMCwidXBkYXRlIjoxODAwMDAwMDAwMDAwfSwic2NoZW1hX3ZlcnNpb24iOiIxIn0="
        }
      ]
    },
    {
      "mode": "managed",
      "type": "azurerm_virtual_network",
      "name": "js_virtual_network",
      "provider": "provider[\"registry.terraform.io/hashicorp/azurerm\"]",
      "instances": [
        {
          "schema_version": 0,
          "attributes": {
            "address_space": [
              "10.0.0.0/16"
            ],
            "bgp_community": "",
            "ddos_protection_plan": [],
            "dns_servers": [],
            "edge_zone": "",
            "flow_timeout_in_minutes": 0,
            "guid": "14faf97a-4612-4970-a387-bd8ce9feccf1",
            "id": "/subscriptions/279b419c-5ad7-43b5-8421-182367bfc19b/resourceGroups/bsc-resourcegroup/providers/Microsoft.Network/virtualNetworks/bsc-vnet0001",
            "location": "eastus",
            "name": "bsc-vnet0001",
            "resource_group_name": "bsc-resourcegroup",
            "subnet": [
              {
                "address_prefix": "10.0.1.0/24",
                "id": "/subscriptions/279b419c-5ad7-43b5-8421-182367bfc19b/resourceGroups/bsc-resourcegroup/providers/Microsoft.Network/virtualNetworks/bsc-vnet0001/subnets/subnet1",
                "name": "subnet1",
                "security_group": ""
              },
              {
                "address_prefix": "10.0.2.0/24",
                "id": "/subscriptions/279b419c-5ad7-43b5-8421-182367bfc19b/resourceGroups/bsc-resourcegroup/providers/Microsoft.Network/virtualNetworks/bsc-vnet0001/subnets/subnet2",
                "name": "subnet2",
                "security_group": ""
              }
            ],
            "tags": {
              "department": "finance",
              "environment": "dev",
              "purpose": "Virtual Network",
              "source": "terraform"
            },
            "timeouts": null
          },
          "sensitive_attributes": [],
          "private": "eyJlMmJmYjczMC1lY2FhLTExZTYtOGY4OC0zNDM2M2JjN2M0YzAiOnsiY3JlYXRlIjoxODAwMDAwMDAwMDAwLCJkZWxldGUiOjE4MDAwMDAwMDAwMDAsInJlYWQiOjMwMDAwMDAwMDAwMCwidXBkYXRlIjoxODAwMDAwMDAwMDAwfX0="
        }
      ]
    },
    {
      "mode": "managed",
      "type": "tls_private_key",
      "name": "example_ssh",
      "provider": "provider[\"registry.terraform.io/hashicorp/tls\"]",
      "instances": [
        {
          "schema_version": 1,
          "attributes": {
            "algorithm": "RSA",
            "ecdsa_curve": "P224",
            "id": "b5a1de23d0e8e9173b51f834f09530bb4e21e005",
            "private_key_openssh": "-----BEGIN OPENSSH PRIVATE KEY-----\nb3BlbnNzaC1rZXktdjEAAAAABG5vbmUAAAAEbm9uZQAAAAAAAAABAAACFwAAAAdz\nc2gtcnNhAAAAAwEAAQAAAgEAq8lcGUfcdXp34PtSSR53xzJbcgBTK2IEs8ed5/te\n225eqS7Ov6XTfVZgx5cnQy8SM9TclcuQAeq2pAoZ6FRPGWZD+hN9wDgu2QYZk2ga\np4FLhDuA9GFIagmUVVpgPXyF3988cdfebowPkwro6L6M1c1VteXYXWKsEyzsUWkc\nXo+aBqxEw4jVpviLA5KnpEdipF6h69Kjn3AOgyDnkdPB1C/XgvHlLDWurHmEU3E9\nDSLWbogI/jfr9Gavv/CCvb3E0iH+O6zziqFtFF95p8QXAYyF2bY4NvtI0e4qqGBE\nVOdCKYOqs4Zbfgl0Jxh/fmRUrDtB4lJ7vZZW7OXr41MU7vv0rnuP8sh/FASUQwLx\nohBZ+93ng+FX5SE8/GgECPipSED6KDxds2xQb5FMmnASmStytg5jgbyl3Oq7wLa5\njRUYZDbwyBRR3kUvUqvfl2uKNBg/eK8SKPpSZSYWQTkmToDquYbQXAfz9aNXvhTq\nfX528Up2VF4GpuEblMRLdGO+84RxFsEuovwXh+sifPdmjrHSZtkNOhpDfRoqYsb4\nvjwMeIPHoRT/vLZ8SnD7JyAnPfJ0Ll/EI65/d66fTX24+3x9DGnLkxsIKJ/1qQ9S\nCL1lO3j4Jk7+t30Vt/rYp8zcX/liR1mH/0dDsREGMXNABgy85tjw5VlPr214wj8m\n1QcAAAc4TPAO00zwDtMAAAAHc3NoLXJzYQAAAgEAq8lcGUfcdXp34PtSSR53xzJb\ncgBTK2IEs8ed5/te225eqS7Ov6XTfVZgx5cnQy8SM9TclcuQAeq2pAoZ6FRPGWZD\n+hN9wDgu2QYZk2gap4FLhDuA9GFIagmUVVpgPXyF3988cdfebowPkwro6L6M1c1V\nteXYXWKsEyzsUWkcXo+aBqxEw4jVpviLA5KnpEdipF6h69Kjn3AOgyDnkdPB1C/X\ngvHlLDWurHmEU3E9DSLWbogI/jfr9Gavv/CCvb3E0iH+O6zziqFtFF95p8QXAYyF\n2bY4NvtI0e4qqGBEVOdCKYOqs4Zbfgl0Jxh/fmRUrDtB4lJ7vZZW7OXr41MU7vv0\nrnuP8sh/FASUQwLxohBZ+93ng+FX5SE8/GgECPipSED6KDxds2xQb5FMmnASmSty\ntg5jgbyl3Oq7wLa5jRUYZDbwyBRR3kUvUqvfl2uKNBg/eK8SKPpSZSYWQTkmToDq\nuYbQXAfz9aNXvhTqfX528Up2VF4GpuEblMRLdGO+84RxFsEuovwXh+sifPdmjrHS\nZtkNOhpDfRoqYsb4vjwMeIPHoRT/vLZ8SnD7JyAnPfJ0Ll/EI65/d66fTX24+3x9\nDGnLkxsIKJ/1qQ9SCL1lO3j4Jk7+t30Vt/rYp8zcX/liR1mH/0dDsREGMXNABgy8\n5tjw5VlPr214wj8m1QcAAAADAQABAAACACjJPhyiey1JTn0ULo09tqKMyjle6mA6\nfXNRyaPygqsGoWL5wgyuinAPuhqpQKEq4996goTuN9q8p3B7FXubyMv3A9y0E/83\nV6gfUqM07F8oy40xs4RSNKc4bwd01bTDg+WLUwaUgjMs/eWjiXj5BOceQWNWlvBV\nJRXIbLNHiXzKC3/aFtl1+4QRLrBCeZr/d+Qes8MR19da+5cWkOSGqlZ+pWRpmkfM\n1xQMJebJ0/zycIb9tWTmUhdM6h1gNSpni/t4Jqx0e75GZWeY44F5hRzRCFaQdPhY\n4Qk2ytn/QToHTiYdJMJK/B4IkJNXta2ElLXvu8zIWKjCsRC95iuq5iUT8rjjMoyC\nKUIfVX4Iu5KrdXvvUHqWE5pLkkPm5cQ/altYFcaM+T9KwjZZjAlMB3oGbnkmgPWu\nAjKohVGTU0gANnP+dyrMcw73P3ehNPGC9EwGGJNdyaqxY/TOdbV6TX6ZaaiVxpqz\nrvZVUTx23wsWe5FWD3zh0ejMHSZmNKxWS/IFaCl8idFClYwgWar0OCJXeu8zt000\nK4egnRAMoU9SsTy83YgiF1l1gilUicci234fdmAUntm19CDBn6vtVET/vM7SbLgl\nLQf99fnTsqk0BBF2MDp0OdOFU6vDmfE2D5v3I0f2GTkk5XvOC2qDzvUsDBiBI9nY\nbQpnp7K8QffBAAABAQCfnwblto7it2sndrZXUWJjS6Z+hRXkiWovj1TXcn8wfx3o\neGVVBwyNgFSv/KGOMsuuxSYutShyQNAbChint4l23uVkGzyWTEbx2rC6qPqwz6wj\n6+wH33EJgfaFylY3KNIlCuIqn9ZSsG0ScbUyntS+cAneFL/kBELgeq7VPZygPm2B\n2T9DoLOR5zDjikSwK1dnAdLjWQGjhe+Q27qbitlsCukzpOwWhlVl+boB0yZsEO2Z\nuw5tvQ2UqZAC4XPhKol53yUcoszg0ObLqLQ+Wmkoj7idh7EiaZzfMrd4nE1dRGwB\n5DYsqmTchCZNoqY8hni+3vPj+y9Ifx2p+4MC7BI0AAABAQDajubIl6AB0OUQsDUU\nBIMEUi6w7HPu/5ijJ9iVkolgcGwaJuARmn96QgdfyJnox5z8PS9XpBkCWtpZh/cN\ntgKEsDSI/R4IrE4INMx9u+RFYiNjzpcdjpWM4Kh7/m9OHoJ5qbd8VY2SSmb8VsLd\nNNCgr/TMCwnjz4H38qxZw2aHHZGu/7ueC3WYjeF45lf7jlkfrCnnDF5juY3OYRAt\n+3vbqDzm3iUEoXdGMQepW0M8pxBpUFoIdk388h5ni3IJQZ4xj1tQqR/47+opJG1v\nSBNgwZbSdfSpFds0UujkmHHPhkURNOv8p+2rlTbq3Y6pf8wbAYyTfAxpCQdrHD2R\nilTTAAABAQDJNz0jUQotHf1SiBh9+GJzvn/WCgkgT1exmjdIWNV0+JWQO/EfDTwK\nP+Cx7+IfkGFvKwDoEf9RQzvG50hEghrC+WzNOao/zaa1CpmmGepMoB58S5vWRKdi\nJbDHZx8ttnD3MS5GP5HggpCOZed5ER5c8aJOwl/o7WTpD9vbaRTroWB+zRzvfPph\nMCuMVPdYt5de3NDoa3R3WW+wRD6QR7DfABRr6Yi0o1Amymyn/BhUH69DkiJXlbn5\nc7RDhEz12FRog13tYO0+s91pSz9qIfbU2k6IvBiRLMfD+Fwx7bzmShgp3iMBxmpZ\nw0LxQq/2ejBJXp4Z0ZcO9jCvRl3qvK59AAAAAAEC\n-----END OPENSSH PRIVATE KEY-----\n",
            "private_key_pem": "-----BEGIN RSA PRIVATE KEY-----\nMIIJKAIBAAKCAgEAq8lcGUfcdXp34PtSSR53xzJbcgBTK2IEs8ed5/te225eqS7O\nv6XTfVZgx5cnQy8SM9TclcuQAeq2pAoZ6FRPGWZD+hN9wDgu2QYZk2gap4FLhDuA\n9GFIagmUVVpgPXyF3988cdfebowPkwro6L6M1c1VteXYXWKsEyzsUWkcXo+aBqxE\nw4jVpviLA5KnpEdipF6h69Kjn3AOgyDnkdPB1C/XgvHlLDWurHmEU3E9DSLWbogI\n/jfr9Gavv/CCvb3E0iH+O6zziqFtFF95p8QXAYyF2bY4NvtI0e4qqGBEVOdCKYOq\ns4Zbfgl0Jxh/fmRUrDtB4lJ7vZZW7OXr41MU7vv0rnuP8sh/FASUQwLxohBZ+93n\ng+FX5SE8/GgECPipSED6KDxds2xQb5FMmnASmStytg5jgbyl3Oq7wLa5jRUYZDbw\nyBRR3kUvUqvfl2uKNBg/eK8SKPpSZSYWQTkmToDquYbQXAfz9aNXvhTqfX528Up2\nVF4GpuEblMRLdGO+84RxFsEuovwXh+sifPdmjrHSZtkNOhpDfRoqYsb4vjwMeIPH\noRT/vLZ8SnD7JyAnPfJ0Ll/EI65/d66fTX24+3x9DGnLkxsIKJ/1qQ9SCL1lO3j4\nJk7+t30Vt/rYp8zcX/liR1mH/0dDsREGMXNABgy85tjw5VlPr214wj8m1QcCAwEA\nAQKCAgAoyT4constSU59FC6NPbaijMo5XupgOn1zUcmj8oKrBqFi+cIMropwD7oa\nqUChKuPfeoKE7jfavKdwexV7m8jL9wPctBP/N1eoH1KjNOxfKMuNMbOEUjSnOG8H\ndNW0w4Pli1MGlIIzLP3lo4l4+QTnHkFjVpbwVSUVyGyzR4l8ygt/2hbZdfuEES6w\nQnma/3fkHrPDEdfXWvuXFpDkhqpWfqVkaZpHzNcUDCXmydP88nCG/bVk5lIXTOod\nYDUqZ4v7eCasdHu+RmVnmOOBeYUc0QhWkHT4WOEJNsrZ/0E6B04mHSTCSvweCJCT\nV7WthJS177vMyFiowrEQveYrquYlE/K44zKMgilCH1V+CLuSq3V771B6lhOaS5JD\n5uXEP2pbWBXGjPk/SsI2WYwJTAd6Bm55JoD1rgIyqIVRk1NIADZz/ncqzHMO9z93\noTTxgvRMBhiTXcmqsWP0znW1ek1+mWmolcaas672VVE8dt8LFnuRVg984dHozB0m\nZjSsVkvyBWgpfInRQpWMIFmq9DgiV3rvM7dNNCuHoJ0QDKFPUrE8vN2IIhdZdYIp\nVInHItt+H3ZgFJ7ZtfQgwZ+r7VRE/7zO0my4JS0H/fX507KpNAQRdjA6dDnThVOr\nw5nxNg+b9yNH9hk5JOV7zgtqg871LAwYgSPZ2G0KZ6eyvEH3wQKCAQEA2o7myJeg\nAdDlELA1FASDBFIusOxz7v+YoyfYlZKJYHBsGibgEZp/ekIHX8iZ6Mec/D0vV6QZ\nAlraWYf3DbYChLA0iP0eCKxOCDTMfbvkRWIjY86XHY6VjOCoe/5vTh6Ceam3fFWN\nkkpm/FbC3TTQoK/0zAsJ48+B9/KsWcNmhx2Rrv+7ngt1mI3heOZX+45ZH6wp5wxe\nY7mNzmEQLft726g85t4lBKF3RjEHqVtDPKcQaVBaCHZN/PIeZ4tyCUGeMY9bUKkf\n+O/qKSRtb0gTYMGW0nX0qRXbNFLo5Jhxz4ZFETTr/Kftq5U26t2OqX/MGwGMk3wM\naQkHaxw9kYpU0wKCAQEAyTc9I1EKLR39UogYffhic75/1goJIE9XsZo3SFjVdPiV\nkDvxHw08Cj/gse/iH5BhbysA6BH/UUM7xudIRIIawvlszTmqP82mtQqZphnqTKAe\nfEub1kSnYiWwx2cfLbZw9zEuRj+R4IKQjmXneREeXPGiTsJf6O1k6Q/b22kU66Fg\nfs0c73z6YTArjFT3WLeXXtzQ6Gt0d1lvsEQ+kEew3wAUa+mItKNQJspsp/wYVB+v\nQ5IiV5W5+XO0Q4RM9dhUaINd7WDtPrPdaUs/aiH21NpOiLwYkSzHw/hcMe285koY\nKd4jAcZqWcNC8UKv9nowSV6eGdGXDvYwr0Zd6ryufQKCAQBvAvamHJ3hTkGLYHUV\nXdVOdI/SvceFNb5J4QtZrbyph3DhN63IQzlM2Az20eWbHwjV9h393hP15j/SCgWq\nqTBORVHp4udGcH6SHH9hvfYMZ/Sh1WVcVfgQPmxVzr6qZ0TOly3jsXDfRXtZ4JfJ\n0/HELJuiqFi1pcjWMCTq0x1Ys+QzhyG8/QUWH7rOtfEqjPsn40LFYLrw3Gby1Mpr\nELmwsJt+iIc0+u6icHT7yKc2P4VOeMnCUpT6TeCzp1ic6v93HOG87qqWvwWpMB+F\nzo5JLwt0iwVifP+CbDpvIh9s0T5zpvXWt1U5OelTEoZMAeWiMf89SlzjXPqvpQCA\n1EqRAoIBAEs+L8uUE2UZsM/6+oWoq1Ay7WThrdX6NYXBcGjKZ0/tYShlcd41ubzv\ndBu1424ANJ84ioc9q6b8qE7Rz/FmYZGFag04QhTH104d36UATeBHg/7g2y59z8Xg\n6EE4q60Rax7UskQso2U8DchiDPP11c/Vv+cJwom8tB5/Aq0Cl4Mhfo8MLoTTzGEp\nfS9l2nS/eohLtIclH5E9zYkxi9+yH07Unc5Yrvk1lNRcn9MVbxeOHaD79YGhCMFi\nZgdVYt4P/khyz13j//ORmPs120nZ145y8CkrhVhMUYtTxU4aY6gODwkg+yA/zScx\n4EeNs3VM7d+R1Tc8a+t5Xm08uAP+eJUCggEBAJ+fBuW2juK3ayd2tldRYmNLpn6F\nFeSJai+PVNdyfzB/Heh4ZVUHDI2AVK/8oY4yy67FJi61KHJA0BsKGKe3iXbe5WQb\nPJZMRvHasLqo+rDPrCPr7AffcQmB9oXKVjco0iUK4iqf1lKwbRJxtTKe1L5wCd4U\nv+QEQuB6rtU9nKA+bYHZP0Ogs5HnMOOKRLArV2cB0uNZAaOF75DbupuK2WwK6TOk\n7BaGVWX5ugHTJmwQ7Zm7Dm29DZSpkALhc+EqiXnfJRyizODQ5suotD5aaSiPuJ2H\nsSJpnN8yt3icTV1EbAHkNiyqZNyEJk2ipjyGeL7e8+P7L0h/Han7gwLsEjQ=\n-----END RSA PRIVATE KEY-----\n",
            "private_key_pem_pkcs8": "-----BEGIN PRIVATE KEY-----\nMIIJQgIBADANBgkqhkiG9w0BAQEFAASCCSwwggkoAgEAAoICAQCryVwZR9x1enfg\n+1JJHnfHMltyAFMrYgSzx53n+17bbl6pLs6/pdN9VmDHlydDLxIz1NyVy5AB6rak\nChnoVE8ZZkP6E33AOC7ZBhmTaBqngUuEO4D0YUhqCZRVWmA9fIXf3zxx195ujA+T\nCujovozVzVW15dhdYqwTLOxRaRxej5oGrETDiNWm+IsDkqekR2KkXqHr0qOfcA6D\nIOeR08HUL9eC8eUsNa6seYRTcT0NItZuiAj+N+v0Zq+/8IK9vcTSIf47rPOKoW0U\nX3mnxBcBjIXZtjg2+0jR7iqoYERU50Ipg6qzhlt+CXQnGH9+ZFSsO0HiUnu9llbs\n5evjUxTu+/Sue4/yyH8UBJRDAvGiEFn73eeD4VflITz8aAQI+KlIQPooPF2zbFBv\nkUyacBKZK3K2DmOBvKXc6rvAtrmNFRhkNvDIFFHeRS9Sq9+Xa4o0GD94rxIo+lJl\nJhZBOSZOgOq5htBcB/P1o1e+FOp9fnbxSnZUXgam4RuUxEt0Y77zhHEWwS6i/BeH\n6yJ892aOsdJm2Q06GkN9Gipixvi+PAx4g8ehFP+8tnxKcPsnICc98nQuX8Qjrn93\nrp9Nfbj7fH0MacuTGwgon/WpD1IIvWU7ePgmTv63fRW3+tinzNxf+WJHWYf/R0Ox\nEQYxc0AGDLzm2PDlWU+vbXjCPybVBwIDAQABAoICACjJPhyiey1JTn0ULo09tqKM\nyjle6mA6fXNRyaPygqsGoWL5wgyuinAPuhqpQKEq4996goTuN9q8p3B7FXubyMv3\nA9y0E/83V6gfUqM07F8oy40xs4RSNKc4bwd01bTDg+WLUwaUgjMs/eWjiXj5BOce\nQWNWlvBVJRXIbLNHiXzKC3/aFtl1+4QRLrBCeZr/d+Qes8MR19da+5cWkOSGqlZ+\npWRpmkfM1xQMJebJ0/zycIb9tWTmUhdM6h1gNSpni/t4Jqx0e75GZWeY44F5hRzR\nCFaQdPhY4Qk2ytn/QToHTiYdJMJK/B4IkJNXta2ElLXvu8zIWKjCsRC95iuq5iUT\n8rjjMoyCKUIfVX4Iu5KrdXvvUHqWE5pLkkPm5cQ/altYFcaM+T9KwjZZjAlMB3oG\nbnkmgPWuAjKohVGTU0gANnP+dyrMcw73P3ehNPGC9EwGGJNdyaqxY/TOdbV6TX6Z\naaiVxpqzrvZVUTx23wsWe5FWD3zh0ejMHSZmNKxWS/IFaCl8idFClYwgWar0OCJX\neu8zt000K4egnRAMoU9SsTy83YgiF1l1gilUicci234fdmAUntm19CDBn6vtVET/\nvM7SbLglLQf99fnTsqk0BBF2MDp0OdOFU6vDmfE2D5v3I0f2GTkk5XvOC2qDzvUs\nDBiBI9nYbQpnp7K8QffBAoIBAQDajubIl6AB0OUQsDUUBIMEUi6w7HPu/5ijJ9iV\nkolgcGwaJuARmn96QgdfyJnox5z8PS9XpBkCWtpZh/cNtgKEsDSI/R4IrE4INMx9\nu+RFYiNjzpcdjpWM4Kh7/m9OHoJ5qbd8VY2SSmb8VsLdNNCgr/TMCwnjz4H38qxZ\nw2aHHZGu/7ueC3WYjeF45lf7jlkfrCnnDF5juY3OYRAt+3vbqDzm3iUEoXdGMQep\nW0M8pxBpUFoIdk388h5ni3IJQZ4xj1tQqR/47+opJG1vSBNgwZbSdfSpFds0Uujk\nmHHPhkURNOv8p+2rlTbq3Y6pf8wbAYyTfAxpCQdrHD2RilTTAoIBAQDJNz0jUQot\nHf1SiBh9+GJzvn/WCgkgT1exmjdIWNV0+JWQO/EfDTwKP+Cx7+IfkGFvKwDoEf9R\nQzvG50hEghrC+WzNOao/zaa1CpmmGepMoB58S5vWRKdiJbDHZx8ttnD3MS5GP5Hg\ngpCOZed5ER5c8aJOwl/o7WTpD9vbaRTroWB+zRzvfPphMCuMVPdYt5de3NDoa3R3\nWW+wRD6QR7DfABRr6Yi0o1Amymyn/BhUH69DkiJXlbn5c7RDhEz12FRog13tYO0+\ns91pSz9qIfbU2k6IvBiRLMfD+Fwx7bzmShgp3iMBxmpZw0LxQq/2ejBJXp4Z0ZcO\n9jCvRl3qvK59AoIBAG8C9qYcneFOQYtgdRVd1U50j9K9x4U1vknhC1mtvKmHcOE3\nrchDOUzYDPbR5ZsfCNX2Hf3eE/XmP9IKBaqpME5FUeni50ZwfpIcf2G99gxn9KHV\nZVxV+BA+bFXOvqpnRM6XLeOxcN9Fe1ngl8nT8cQsm6KoWLWlyNYwJOrTHViz5DOH\nIbz9BRYfus618SqM+yfjQsVguvDcZvLUymsQubCwm36IhzT67qJwdPvIpzY/hU54\nycJSlPpN4LOnWJzq/3cc4bzuqpa/BakwH4XOjkkvC3SLBWJ8/4JsOm8iH2zRPnOm\n9da3VTk56VMShkwB5aIx/z1KXONc+q+lAIDUSpECggEASz4vy5QTZRmwz/r6hair\nUDLtZOGt1fo1hcFwaMpnT+1hKGVx3jW5vO90G7XjbgA0nziKhz2rpvyoTtHP8WZh\nkYVqDThCFMfXTh3fpQBN4EeD/uDbLn3PxeDoQTirrRFrHtSyRCyjZTwNyGIM8/XV\nz9W/5wnCiby0Hn8CrQKXgyF+jwwuhNPMYSl9L2XadL96iEu0hyUfkT3NiTGL37If\nTtSdzliu+TWU1Fyf0xVvF44doPv1gaEIwWJmB1Vi3g/+SHLPXeP/85GY+zXbSdnX\njnLwKSuFWExRi1PFThpjqA4PCSD7ID/NJzHgR42zdUzt35HVNzxr63lebTy4A/54\nlQKCAQEAn58G5baO4rdrJ3a2V1FiY0umfoUV5IlqL49U13J/MH8d6HhlVQcMjYBU\nr/yhjjLLrsUmLrUockDQGwoYp7eJdt7lZBs8lkxG8dqwuqj6sM+sI+vsB99xCYH2\nhcpWNyjSJQriKp/WUrBtEnG1Mp7UvnAJ3hS/5ARC4Hqu1T2coD5tgdk/Q6Czkecw\n44pEsCtXZwHS41kBo4XvkNu6m4rZbArpM6TsFoZVZfm6AdMmbBDtmbsObb0NlKmQ\nAuFz4SqJed8lHKLM4NDmy6i0PlppKI+4nYexImmc3zK3eJxNXURsAeQ2LKpk3IQm\nTaKmPIZ4vt7z4/svSH8dqfuDAuwSNA==\n-----END PRIVATE KEY-----\n",
            "public_key_fingerprint_md5": "c6:a4:82:b0:f5:86:d9:46:7b:06:d6:d2:35:67:0b:ea",
            "public_key_fingerprint_sha256": "SHA256:1Jv9S7TSVK9Jl3hbYZ/aVLq7eb5E0mqvBsxljryqURs",
            "public_key_openssh": "ssh-rsa AAAAB3NzaC1yc2EAAAADAQABAAACAQCryVwZR9x1enfg+1JJHnfHMltyAFMrYgSzx53n+17bbl6pLs6/pdN9VmDHlydDLxIz1NyVy5AB6rakChnoVE8ZZkP6E33AOC7ZBhmTaBqngUuEO4D0YUhqCZRVWmA9fIXf3zxx195ujA+TCujovozVzVW15dhdYqwTLOxRaRxej5oGrETDiNWm+IsDkqekR2KkXqHr0qOfcA6DIOeR08HUL9eC8eUsNa6seYRTcT0NItZuiAj+N+v0Zq+/8IK9vcTSIf47rPOKoW0UX3mnxBcBjIXZtjg2+0jR7iqoYERU50Ipg6qzhlt+CXQnGH9+ZFSsO0HiUnu9llbs5evjUxTu+/Sue4/yyH8UBJRDAvGiEFn73eeD4VflITz8aAQI+KlIQPooPF2zbFBvkUyacBKZK3K2DmOBvKXc6rvAtrmNFRhkNvDIFFHeRS9Sq9+Xa4o0GD94rxIo+lJlJhZBOSZOgOq5htBcB/P1o1e+FOp9fnbxSnZUXgam4RuUxEt0Y77zhHEWwS6i/BeH6yJ892aOsdJm2Q06GkN9Gipixvi+PAx4g8ehFP+8tnxKcPsnICc98nQuX8Qjrn93rp9Nfbj7fH0MacuTGwgon/WpD1IIvWU7ePgmTv63fRW3+tinzNxf+WJHWYf/R0OxEQYxc0AGDLzm2PDlWU+vbXjCPybVBw==\n",
            "public_key_pem": "-----BEGIN PUBLIC KEY-----\nMIICIjANBgkqhkiG9w0BAQEFAAOCAg8AMIICCgKCAgEAq8lcGUfcdXp34PtSSR53\nxzJbcgBTK2IEs8ed5/te225eqS7Ov6XTfVZgx5cnQy8SM9TclcuQAeq2pAoZ6FRP\nGWZD+hN9wDgu2QYZk2gap4FLhDuA9GFIagmUVVpgPXyF3988cdfebowPkwro6L6M\n1c1VteXYXWKsEyzsUWkcXo+aBqxEw4jVpviLA5KnpEdipF6h69Kjn3AOgyDnkdPB\n1C/XgvHlLDWurHmEU3E9DSLWbogI/jfr9Gavv/CCvb3E0iH+O6zziqFtFF95p8QX\nAYyF2bY4NvtI0e4qqGBEVOdCKYOqs4Zbfgl0Jxh/fmRUrDtB4lJ7vZZW7OXr41MU\n7vv0rnuP8sh/FASUQwLxohBZ+93ng+FX5SE8/GgECPipSED6KDxds2xQb5FMmnAS\nmStytg5jgbyl3Oq7wLa5jRUYZDbwyBRR3kUvUqvfl2uKNBg/eK8SKPpSZSYWQTkm\nToDquYbQXAfz9aNXvhTqfX528Up2VF4GpuEblMRLdGO+84RxFsEuovwXh+sifPdm\njrHSZtkNOhpDfRoqYsb4vjwMeIPHoRT/vLZ8SnD7JyAnPfJ0Ll/EI65/d66fTX24\n+3x9DGnLkxsIKJ/1qQ9SCL1lO3j4Jk7+t30Vt/rYp8zcX/liR1mH/0dDsREGMXNA\nBgy85tjw5VlPr214wj8m1QcCAwEAAQ==\n-----END PUBLIC KEY-----\n",
            "rsa_bits": 4096
          },
          "sensitive_attributes": []
        }
      ]
    }
  ]
}
